
Microsoft Visual Studio Solution File, Format Version 12.00
# Visual Studio Version 17
VisualStudioVersion = 17.0.31903.59
MinimumVisualStudioVersion = 10.0.40219.1
Project("{2150E333-8FDC-42A3-9474-1A3956D46DE8}") = "NetCore", "NetCore", "{827E0CD3-B72D-47B6-A68D-7590B98EB39B}"
EndProject
Project("{FAE04EC0-301F-11D3-BF4B-00C04F79EFBC}") = "TargetProject", "NetCore\TargetProject\TargetProject.csproj", "{2EF9EACA-E20E-4263-AE35-AF9A284C8F6C}"
EndProject
Project("{FAE04EC0-301F-11D3-BF4B-00C04F79EFBC}") = "Library", "NetCore\Library\Library.csproj", "{3BF9EACA-E20E-4263-AE35-AF9A284C8F6D}"
EndProject
Project("{2150E333-8FDC-42A3-9474-1A3956D46DE8}") = "MicrosoftTestPlatform", "MicrosoftTestPlatform", "{0AB3BF05-4346-4AA6-1389-037BE0695223}"
EndProject
Project("{FAE04EC0-301F-11D3-BF4B-00C04F79EFBC}") = "UnitTests.MSTest", "MicrosoftTestPlatform\UnitTests.MSTest\UnitTests.MSTest.csproj", "{2AAE899D-7377-424B-8629-66458D9DE9C6}"
EndProject
Project("{FAE04EC0-301F-11D3-BF4B-00C04F79EFBC}") = "UnitTests.XUnit", "MicrosoftTestPlatform\UnitTests.XUnit\UnitTests.XUnit.csproj", "{3AAE899D-7377-424B-8629-66458D9DE9C7}"
EndProject
Project("{FAE04EC0-301F-11D3-BF4B-00C04F79EFBC}") = "UnitTests.NUnit", "MicrosoftTestPlatform\UnitTests.NUnit\UnitTests.NUnit.csproj", "{4AAE899D-7377-424B-8629-66458D9DE9C8}"
EndProject
Project("{FAE04EC0-301F-11D3-BF4B-00C04F79EFBC}") = "UnitTests.TUnit", "MicrosoftTestPlatform\UnitTests.TUnit\UnitTests.TUnit.csproj", "{5AAE899D-7377-424B-8629-66458D9DE9C9}"
EndProject
Global
	GlobalSection(SolutionConfigurationPlatforms) = preSolution
		Debug|Any CPU = Debug|Any CPU
		Debug|x64 = Debug|x64
		Debug|x86 = Debug|x86
		Release|Any CPU = Release|Any CPU
		Release|x64 = Release|x64
		Release|x86 = Release|x86
	EndGlobalSection
	GlobalSection(ProjectConfigurationPlatforms) = postSolution
		{2EF9EACA-E20E-4263-AE35-AF9A284C8F6C}.Debug|Any CPU.ActiveCfg = Debug|Any CPU
		{2EF9EACA-E20E-4263-AE35-AF9A284C8F6C}.Debug|Any CPU.Build.0 = Debug|Any CPU
		{2EF9EACA-E20E-4263-AE35-AF9A284C8F6C}.Debug|x64.ActiveCfg = Debug|Any CPU
		{2EF9EACA-E20E-4263-AE35-AF9A284C8F6C}.Debug|x64.Build.0 = Debug|Any CPU
		{2EF9EACA-E20E-4263-AE35-AF9A284C8F6C}.Debug|x86.ActiveCfg = Debug|Any CPU
		{2EF9EACA-E20E-4263-AE35-AF9A284C8F6C}.Debug|x86.Build.0 = Debug|Any CPU
		{2EF9EACA-E20E-4263-AE35-AF9A284C8F6C}.Release|Any CPU.ActiveCfg = Release|Any CPU
		{2EF9EACA-E20E-4263-AE35-AF9A284C8F6C}.Release|Any CPU.Build.0 = Release|Any CPU
		{2EF9EACA-E20E-4263-AE35-AF9A284C8F6C}.Release|x64.ActiveCfg = Release|Any CPU
		{2EF9EACA-E20E-4263-AE35-AF9A284C8F6C}.Release|x64.Build.0 = Release|Any CPU
		{2EF9EACA-E20E-4263-AE35-AF9A284C8F6C}.Release|x86.ActiveCfg = Release|Any CPU
		{2EF9EACA-E20E-4263-AE35-AF9A284C8F6C}.Release|x86.Build.0 = Release|Any CPU
		{3BF9EACA-E20E-4263-AE35-AF9A284C8F6D}.Debug|Any CPU.ActiveCfg = Debug|Any CPU
		{3BF9EACA-E20E-4263-AE35-AF9A284C8F6D}.Debug|Any CPU.Build.0 = Debug|Any CPU
		{3BF9EACA-E20E-4263-AE35-AF9A284C8F6D}.Debug|x64.ActiveCfg = Debug|Any CPU
		{3BF9EACA-E20E-4263-AE35-AF9A284C8F6D}.Debug|x64.Build.0 = Debug|Any CPU
		{3BF9EACA-E20E-4263-AE35-AF9A284C8F6D}.Debug|x86.ActiveCfg = Debug|Any CPU
		{3BF9EACA-E20E-4263-AE35-AF9A284C8F6D}.Debug|x86.Build.0 = Debug|Any CPU
		{3BF9EACA-E20E-4263-AE35-AF9A284C8F6D}.Release|Any CPU.ActiveCfg = Release|Any CPU
		{3BF9EACA-E20E-4263-AE35-AF9A284C8F6D}.Release|Any CPU.Build.0 = Release|Any CPU
		{3BF9EACA-E20E-4263-AE35-AF9A284C8F6D}.Release|x64.ActiveCfg = Release|Any CPU
		{3BF9EACA-E20E-4263-AE35-AF9A284C8F6D}.Release|x64.Build.0 = Release|Any CPU
		{3BF9EACA-E20E-4263-AE35-AF9A284C8F6D}.Release|x86.ActiveCfg = Release|Any CPU
		{3BF9EACA-E20E-4263-AE35-AF9A284C8F6D}.Release|x86.Build.0 = Release|Any CPU
		{2AAE899D-7377-424B-8629-66458D9DE9C6}.Debug|Any CPU.ActiveCfg = Debug|Any CPU
		{2AAE899D-7377-424B-8629-66458D9DE9C6}.Debug|Any CPU.Build.0 = Debug|Any CPU
		{2AAE899D-7377-424B-8629-66458D9DE9C6}.Debug|x64.ActiveCfg = Debug|Any CPU
		{2AAE899D-7377-424B-8629-66458D9DE9C6}.Debug|x64.Build.0 = Debug|Any CPU
		{2AAE899D-7377-424B-8629-66458D9DE9C6}.Debug|x86.ActiveCfg = Debug|Any CPU
		{2AAE899D-7377-424B-8629-66458D9DE9C6}.Debug|x86.Build.0 = Debug|Any CPU
		{2AAE899D-7377-424B-8629-66458D9DE9C6}.Release|Any CPU.ActiveCfg = Release|Any CPU
		{2AAE899D-7377-424B-8629-66458D9DE9C6}.Release|Any CPU.Build.0 = Release|Any CPU
		{2AAE899D-7377-424B-8629-66458D9DE9C6}.Release|x64.ActiveCfg = Release|Any CPU
		{2AAE899D-7377-424B-8629-66458D9DE9C6}.Release|x64.Build.0 = Release|Any CPU
		{2AAE899D-7377-424B-8629-66458D9DE9C6}.Release|x86.ActiveCfg = Release|Any CPU
		{2AAE899D-7377-424B-8629-66458D9DE9C6}.Release|x86.Build.0 = Release|Any CPU
		{3AAE899D-7377-424B-8629-66458D9DE9C7}.Debug|Any CPU.ActiveCfg = Debug|Any CPU
		{3AAE899D-7377-424B-8629-66458D9DE9C7}.Debug|Any CPU.Build.0 = Debug|Any CPU
		{3AAE899D-7377-424B-8629-66458D9DE9C7}.Debug|x64.ActiveCfg = Debug|Any CPU
		{3AAE899D-7377-424B-8629-66458D9DE9C7}.Debug|x64.Build.0 = Debug|Any CPU
		{3AAE899D-7377-424B-8629-66458D9DE9C7}.Debug|x86.ActiveCfg = Debug|Any CPU
		{3AAE899D-7377-424B-8629-66458D9DE9C7}.Debug|x86.Build.0 = Debug|Any CPU
		{3AAE899D-7377-424B-8629-66458D9DE9C7}.Release|Any CPU.ActiveCfg = Release|Any CPU
		{3AAE899D-7377-424B-8629-66458D9DE9C7}.Release|Any CPU.Build.0 = Release|Any CPU
		{3AAE899D-7377-424B-8629-66458D9DE9C7}.Release|x64.ActiveCfg = Release|Any CPU
		{3AAE899D-7377-424B-8629-66458D9DE9C7}.Release|x64.Build.0 = Release|Any CPU
		{3AAE899D-7377-424B-8629-66458D9DE9C7}.Release|x86.ActiveCfg = Release|Any CPU
		{3AAE899D-7377-424B-8629-66458D9DE9C7}.Release|x86.Build.0 = Release|Any CPU
		{4AAE899D-7377-424B-8629-66458D9DE9C8}.Debug|Any CPU.ActiveCfg = Debug|Any CPU
		{4AAE899D-7377-424B-8629-66458D9DE9C8}.Debug|Any CPU.Build.0 = Debug|Any CPU
		{4AAE899D-7377-424B-8629-66458D9DE9C8}.Debug|x64.ActiveCfg = Debug|Any CPU
		{4AAE899D-7377-424B-8629-66458D9DE9C8}.Debug|x64.Build.0 = Debug|Any CPU
		{4AAE899D-7377-424B-8629-66458D9DE9C8}.Debug|x86.ActiveCfg = Debug|Any CPU
		{4AAE899D-7377-424B-8629-66458D9DE9C8}.Debug|x86.Build.0 = Debug|Any CPU
		{4AAE899D-7377-424B-8629-66458D9DE9C8}.Release|Any CPU.ActiveCfg = Release|Any CPU
		{4AAE899D-7377-424B-8629-66458D9DE9C8}.Release|Any CPU.Build.0 = Release|Any CPU
		{4AAE899D-7377-424B-8629-66458D9DE9C8}.Release|x64.ActiveCfg = Release|Any CPU
		{4AAE899D-7377-424B-8629-66458D9DE9C8}.Release|x64.Build.0 = Release|Any CPU
		{4AAE899D-7377-424B-8629-66458D9DE9C8}.Release|x86.ActiveCfg = Release|Any CPU
		{4AAE899D-7377-424B-8629-66458D9DE9C8}.Release|x86.Build.0 = Release|Any CPU
		{5AAE899D-7377-424B-8629-66458D9DE9C9}.Debug|Any CPU.ActiveCfg = Debug|Any CPU
		{5AAE899D-7377-424B-8629-66458D9DE9C9}.Debug|Any CPU.Build.0 = Debug|Any CPU
		{5AAE899D-7377-424B-8629-66458D9DE9C9}.Debug|x64.ActiveCfg = Debug|Any CPU
		{5AAE899D-7377-424B-8629-66458D9DE9C9}.Debug|x64.Build.0 = Debug|Any CPU
		{5AAE899D-7377-424B-8629-66458D9DE9C9}.Debug|x86.ActiveCfg = Debug|Any CPU
		{5AAE899D-7377-424B-8629-66458D9DE9C9}.Debug|x86.Build.0 = Debug|Any CPU
		{5AAE899D-7377-424B-8629-66458D9DE9C9}.Release|Any CPU.ActiveCfg = Release|Any CPU
		{5AAE899D-7377-424B-8629-66458D9DE9C9}.Release|Any CPU.Build.0 = Release|Any CPU
		{5AAE899D-7377-424B-8629-66458D9DE9C9}.Release|x64.ActiveCfg = Release|Any CPU
		{5AAE899D-7377-424B-8629-66458D9DE9C9}.Release|x64.Build.0 = Release|Any CPU
		{5AAE899D-7377-424B-8629-66458D9DE9C9}.Release|x86.ActiveCfg = Release|Any CPU
		{5AAE899D-7377-424B-8629-66458D9DE9C9}.Release|x86.Build.0 = Release|Any CPU
	EndGlobalSection
	GlobalSection(SolutionProperties) = preSolution
		HideSolutionNode = FALSE
	EndGlobalSection
	GlobalSection(NestedProjects) = preSolution
		{2EF9EACA-E20E-4263-AE35-AF9A284C8F6C} = {827E0CD3-B72D-47B6-A68D-7590B98EB39B}
		{3BF9EACA-E20E-4263-AE35-AF9A284C8F6D} = {827E0CD3-B72D-47B6-A68D-7590B98EB39B}
		{2AAE899D-7377-424B-8629-66458D9DE9C6} = {0AB3BF05-4346-4AA6-1389-037BE0695223}
		{3AAE899D-7377-424B-8629-66458D9DE9C7} = {0AB3BF05-4346-4AA6-1389-037BE0695223}
		{4AAE899D-7377-424B-8629-66458D9DE9C8} = {0AB3BF05-4346-4AA6-1389-037BE0695223}
		{5AAE899D-7377-424B-8629-66458D9DE9C9} = {0AB3BF05-4346-4AA6-1389-037BE0695223}
	EndGlobalSection
EndGlobal
