{
  "version": 1,
  "dependencies": {
    ".NETFramework,Version=v4.8": {
      "Newtonsoft.Json": {
        "type": "Direct",
        "requested": "[13.0.1, 13.0.1]",
        "resolved": "13.0.1",
        "contentHash": "ppPFpBcvxdsfUonNcvITKqLl3bqxWbDCZIzDWHzjpdAHRFfZe0Dw9HmA0+za13IdyrgJwpkDTDA9fHaxOrt20A=="
      }
    }
  }
}