{
  "version": 2,
  "dependencies": {
    "net8.0": {
      "DotNet.ReproducibleBuilds": {
        "type": "Direct",
        "requested": "[1.1.1, )",
        "resolved": "1.1.1",
        "contentHash": "+H2t/t34h6mhEoUvHi8yGXyuZ2GjSovcGYehJrS2MDm2XgmPfZL2Sdxg+uL2lKgZ4M6tTwKHIlxOob2bgh0NRQ==",
        "dependencies": {
          "Microsoft.SourceLink.AzureRepos.Git": "1.1.1",
          "Microsoft.SourceLink.Bitbucket.Git": "1.1.1",
          "Microsoft.SourceLink.GitHub": "1.1.1",
          "Microsoft.SourceLink.GitLab": "1.1.1"
        }
      },
      "Microsoft.NET.Test.Sdk": {
        "type": "Direct",
        "requested": "[17.9.0, )",
        "resolved": "17.9.0",
        "contentHash": "7GUNAUbJYn644jzwLm5BD3a2p9C1dmP8Hr6fDPDxgItQk9hBs1Svdxzz07KQ/UphMSmgza9AbijBJGmw5D658A==",
        "dependencies": {
          "Microsoft.CodeCoverage": "17.9.0",
          "Microsoft.TestPlatform.TestHost": "17.9.0"
        }
      },
      "Microsoft.Testing.Extensions.CodeCoverage": {
        "type": "Direct",
        "requested": "[17.10.4, )",
        "resolved": "17.10.4",
        "contentHash": "kICNZzPq+Obv5Qohu2frOdBcoOupgAiRV/ZYznubjT2FgjzI/RySQ5N9NPL1LYCH+pTPomLlJmRJb85hc9aJnA==",
        "dependencies": {
          "Microsoft.DiaSymReader": "2.0.0",
          "Microsoft.Extensions.DependencyModel": "6.0.0",
          "Microsoft.Testing.Platform": "1.0.1",
          "Mono.Cecil": "0.11.5",
          "System.Reflection.Metadata": "6.0.1"
        }
      },
      "Microsoft.Testing.Extensions.TrxReport": {
        "type": "Direct",
        "requested": "[1.1.0, )",
        "resolved": "1.1.0",
        "contentHash": "hLPd9QW+q449a/u/W7mptnxou2Mlo3cV6gVdI5Rgi0twK3Cr85oFETmXW0Nra/jQjs8WXgdzvyqgVQMF6CXQEQ==",
        "dependencies": {
          "Microsoft.Testing.Extensions.TrxReport.Abstractions": "1.1.0",
          "Microsoft.Testing.Platform": "1.1.0"
        }
      },
      "MSTest.Analyzers": {
        "type": "Direct",
        "requested": "[3.3.1, )",
        "resolved": "3.3.1",
        "contentHash": "rfgCjzDW94+nq6/qt/UV/FdEur6352rBLghPNMPF7rasLWeeWZNpn8pWggTJkPUPdChGMf1jFWSBQfstaP3jwg=="
      },
      "MSTest.TestAdapter": {
        "type": "Direct",
        "requested": "[3.3.1, )",
        "resolved": "3.3.1",
        "contentHash": "ddSsUEQKibWamkosqbQmuhb1DpToI2LJb01yEPDA4MIhXJah4oBOARlLLI7bjWSkkRLDz/iPlx2Uac9qgmHlHg==",
        "dependencies": {
          "Microsoft.Testing.Extensions.VSTestBridge": "1.1.0",
          "Microsoft.Testing.Platform.MSBuild": "1.1.0"
        }
      },
      "MSTest.TestFramework": {
        "type": "Direct",
        "requested": "[3.3.1, )",
        "resolved": "3.3.1",
        "contentHash": "020SuA2p8N7o+/AHC0SLgzGpyS1hNjR8m5tWxnuGqJ3HeJhArUbuPAU8RZr8Ll38ij8oiutGCkQ/G+ymyO51Ow=="
      },
      "Microsoft.ApplicationInsights": {
        "type": "Transitive",
        "resolved": "2.22.0",
        "contentHash": "3AOM9bZtku7RQwHyMEY3tQMrHIgjcfRDa6YQpd/QG2LDGvMydSlL9Di+8LLMt7J2RDdfJ7/2jdYv6yHcMJAnNw==",
        "dependencies": {
          "System.Diagnostics.DiagnosticSource": "5.0.0"
        }
      },
      "Microsoft.Build.Tasks.Git": {
        "type": "Transitive",
        "resolved": "1.1.1",
        "contentHash": "AT3HlgTjsqHnWpBHSNeR0KxbLZD7bztlZVj7I8vgeYG9SYqbeFGh0TM/KVtC6fg53nrWHl3VfZFvb5BiQFcY6Q=="
      },
      "Microsoft.CodeCoverage": {
        "type": "Transitive",
        "resolved": "17.9.0",
        "contentHash": "RGD37ZSrratfScYXm7M0HjvxMxZyWZL4jm+XgMZbkIY1UPgjUpbNA/t+WTGj/rC/0Hm9A3IrH3ywbKZkOCnoZA=="
      },
      "Microsoft.DiaSymReader": {
        "type": "Transitive",
        "resolved": "2.0.0",
        "contentHash": "QcZrCETsBJqy/vQpFtJc+jSXQ0K5sucQ6NUFbTNVHD4vfZZOwjZ/3sBzczkC4DityhD3AVO/+K/+9ioLs1AgRA=="
      },
      "Microsoft.Extensions.DependencyModel": {
        "type": "Transitive",
        "resolved": "6.0.0",
        "contentHash": "TD5QHg98m3+QhgEV1YVoNMl5KtBw/4rjfxLHO0e/YV9bPUBDKntApP4xdrVtGgCeQZHVfC2EXIGsdpRNrr87Pg==",
        "dependencies": {
          "System.Buffers": "4.5.1",
          "System.Memory": "4.5.4",
          "System.Runtime.CompilerServices.Unsafe": "6.0.0",
          "System.Text.Encodings.Web": "6.0.0",
          "System.Text.Json": "6.0.0"
        }
      },
      "Microsoft.SourceLink.AzureRepos.Git": {
        "type": "Transitive",
        "resolved": "1.1.1",
        "contentHash": "qB5urvw9LO2bG3eVAkuL+2ughxz2rR7aYgm2iyrB8Rlk9cp2ndvGRCvehk3rNIhRuNtQaeKwctOl1KvWiklv5w==",
        "dependencies": {
          "Microsoft.Build.Tasks.Git": "1.1.1",
          "Microsoft.SourceLink.Common": "1.1.1"
        }
      },
      "Microsoft.SourceLink.Bitbucket.Git": {
        "type": "Transitive",
        "resolved": "1.1.1",
        "contentHash": "cDzxXwlyWpLWaH0em4Idj0H3AmVo3L/6xRXKssYemx+7W52iNskj/SQ4FOmfCb8YQt39otTDNMveCZzYtMoucQ==",
        "dependencies": {
          "Microsoft.Build.Tasks.Git": "1.1.1",
          "Microsoft.SourceLink.Common": "1.1.1"
        }
      },
      "Microsoft.SourceLink.Common": {
        "type": "Transitive",
        "resolved": "1.1.1",
        "contentHash": "WMcGpWKrmJmzrNeuaEb23bEMnbtR/vLmvZtkAP5qWu7vQsY59GqfRJd65sFpBszbd2k/bQ8cs8eWawQKAabkVg=="
      },
      "Microsoft.SourceLink.GitHub": {
        "type": "Transitive",
        "resolved": "1.1.1",
        "contentHash": "IaJGnOv/M7UQjRJks7B6p7pbPnOwisYGOIzqCz5ilGFTApZ3ktOR+6zJ12ZRPInulBmdAf1SrGdDG2MU8g6XTw==",
        "dependencies": {
          "Microsoft.Build.Tasks.Git": "1.1.1",
          "Microsoft.SourceLink.Common": "1.1.1"
        }
      },
      "Microsoft.SourceLink.GitLab": {
        "type": "Transitive",
        "resolved": "1.1.1",
        "contentHash": "tvsg47DDLqqedlPeYVE2lmiTpND8F0hkrealQ5hYltSmvruy/Gr5nHAKSsjyw5L3NeM/HLMI5ORv7on/M4qyZw==",
        "dependencies": {
          "Microsoft.Build.Tasks.Git": "1.1.1",
          "Microsoft.SourceLink.Common": "1.1.1"
        }
      },
      "Microsoft.Testing.Extensions.Telemetry": {
        "type": "Transitive",
        "resolved": "1.1.0",
        "contentHash": "K9xjzIlNxUHHvVCYoQYjk3ojnNgS9Jhb9nHSuEAMl5QGhziNdHztGM3fzRQ72KRIA9MyeU75fCex8YZlsRkF1g==",
        "dependencies": {
          "Microsoft.ApplicationInsights": "2.22.0",
          "Microsoft.Testing.Platform": "1.1.0"
        }
      },
      "Microsoft.Testing.Extensions.TrxReport.Abstractions": {
        "type": "Transitive",
        "resolved": "1.1.0",
        "contentHash": "mspVaUbMAmsMg6IQaGJkypeCCYmUYYQkxFSRbSGdsTlzu9dpsH6spavSL6DUtkR7qd07ulYDlPCJ/yBU6TYdug==",
        "dependencies": {
          "Microsoft.Testing.Platform": "1.1.0"
        }
      },
      "Microsoft.Testing.Extensions.VSTestBridge": {
        "type": "Transitive",
        "resolved": "1.1.0",
        "contentHash": "6IcxNS8lARWd/7K/dDC0IAXRnUpQ9kC0Cb+Eu8biZG40pVDZoDEyn4QIuicJvPSCT1C72AtSUqKzZASO7i4gPg==",
        "dependencies": {
          "Microsoft.TestPlatform.ObjectModel": "17.5.0",
          "Microsoft.Testing.Extensions.Telemetry": "1.1.0",
          "Microsoft.Testing.Extensions.TrxReport.Abstractions": "1.1.0",
          "Microsoft.Testing.Platform": "1.1.0"
        }
      },
      "Microsoft.Testing.Platform": {
        "type": "Transitive",
        "resolved": "1.1.0",
        "contentHash": "on8S7PvvR9Ai5gL/DKN5KrE8e4ctsUIMEzCGY916D+8xj5W/ho0ru9OJiNk7vWFbQrGwpLs87xE7Q8RPLSO/og=="
      },
      "Microsoft.Testing.Platform.MSBuild": {
        "type": "Transitive",
        "resolved": "1.1.0",
        "contentHash": "n2F3OP27qPCSBDfi25DfIeuq3UtzB/BUlXJBCqu1HQc8n7ak5gfzWlkJwlOIk2PAltocdJWQHMfeVYfcLkZ41g==",
        "dependencies": {
          "Microsoft.Testing.Platform": "1.1.0"
        }
      },
      "Microsoft.TestPlatform.TestHost": {
        "type": "Transitive",
        "resolved": "17.9.0",
        "contentHash": "Spmg7Wx49Ya3SxBjyeAR+nQpjMTKZwTwpZ7KyeOTIqI/WHNPnBU4HUvl5kuHPQAwGWqMy4FGZja1HvEwvoaDiA==",
        "dependencies": {
          "Microsoft.TestPlatform.ObjectModel": "17.9.0",
          "Newtonsoft.Json": "13.0.1"
        }
      },
      "Newtonsoft.Json": {
        "type": "Transitive",
        "resolved": "13.0.1",
        "contentHash": "ppPFpBcvxdsfUonNcvITKqLl3bqxWbDCZIzDWHzjpdAHRFfZe0Dw9HmA0+za13IdyrgJwpkDTDA9fHaxOrt20A=="
      },
      "System.Buffers": {
        "type": "Transitive",
        "resolved": "4.5.1",
        "contentHash": "Rw7ijyl1qqRS0YQD/WycNst8hUUMgrMH4FCn1nNm27M4VxchZ1js3fVjQaANHO5f3sN4isvP4a+Met9Y4YomAg=="
      },
      "System.Collections.Immutable": {
        "type": "Transitive",
        "resolved": "6.0.0",
        "contentHash": "l4zZJ1WU2hqpQQHXz1rvC3etVZN+2DLmQMO79FhOTZHMn8tDRr+WU287sbomD0BETlmKDn0ygUgVy9k5xkkJdA==",
        "dependencies": {
          "System.Runtime.CompilerServices.Unsafe": "6.0.0"
        }
      },
      "System.Diagnostics.DiagnosticSource": {
        "type": "Transitive",
        "resolved": "5.0.0",
        "contentHash": "tCQTzPsGZh/A9LhhA6zrqCRV4hOHsK90/G7q3Khxmn6tnB1PuNU0cRaKANP2AWcF9bn0zsuOoZOSrHuJk6oNBA=="
      },
      "System.Memory": {
        "type": "Transitive",
        "resolved": "4.5.4",
        "contentHash": "1MbJTHS1lZ4bS4FmsJjnuGJOu88ZzTT2rLvrhW7Ygic+pC0NWA+3hgAen0HRdsocuQXCkUTdFn9yHJJhsijDXw=="
      },
      "System.Reflection.Metadata": {
        "type": "Transitive",
        "resolved": "6.0.1",
        "contentHash": "III/lNMSn0ZRBuM9m5Cgbiho5j81u0FAEagFX5ta2DKbljZ3T0IpD8j+BIiHQPeKqJppWS9bGEp6JnKnWKze0g==",
        "dependencies": {
          "System.Collections.Immutable": "6.0.0"
        }
      },
      "System.Runtime.CompilerServices.Unsafe": {
        "type": "Transitive",
        "resolved": "6.0.0",
        "contentHash": "/iUeP3tq1S0XdNNoMz5C9twLSrM/TH+qElHkXWaPvuNOt+99G75NrV0OS2EqHx5wMN7popYjpc8oTjC1y16DLg=="
      },
      "System.Text.Encodings.Web": {
        "type": "Transitive",
        "resolved": "6.0.0",
        "contentHash": "Vg8eB5Tawm1IFqj4TVK1czJX89rhFxJo9ELqc/Eiq0eXy13RK00eubyU6TJE6y+GQXjyV5gSfiewDUZjQgSE0w==",
        "dependencies": {
          "System.Runtime.CompilerServices.Unsafe": "6.0.0"
        }
      },
      "System.Text.Json": {
        "type": "Transitive",
        "resolved": "6.0.0",
        "contentHash": "zaJsHfESQvJ11vbXnNlkrR46IaMULk/gHxYsJphzSF+07kTjPHv+Oc14w6QEOfo3Q4hqLJgStUaYB9DBl0TmWg==",
        "dependencies": {
          "System.Runtime.CompilerServices.Unsafe": "6.0.0",
          "System.Text.Encodings.Web": "6.0.0"
        }
      },
      "Microsoft.TestPlatform.ObjectModel": {
        "type": "CentralTransitive",
        "requested": "[17.9.0, )",
        "resolved": "17.9.0",
        "contentHash": "1ilw/8vgmjLyKU+2SKXKXaOqpYFJCQfGqGz+x0cosl981VzjrY74Sv6qAJv+neZMZ9ZMxF3ArN6kotaQ4uvEBw==",
        "dependencies": {
          "System.Reflection.Metadata": "1.6.0"
        }
      },
      "Mono.Cecil": {
        "type": "CentralTransitive",
        "requested": "[0.11.5, )",
        "resolved": "0.11.5",
        "contentHash": "fxfX+0JGTZ8YQeu1MYjbBiK2CYTSzDyEeIixt+yqKKTn7FW8rv7JMY70qevup4ZJfD7Kk/VG/jDzQQTpfch87g=="
      }
    }
  }
}