{
  "version": 1,
  "dependencies": {
    "net6.0": {
      "FSharp.Core": {
        "type": "Direct",
        "requested": "[8.0.400, )",
        "resolved": "8.0.400",
        "contentHash": "kHMdDDmlZl98tujgHCmL8/HNH9VKbxsRMC9s7wbwr4noR40SSa5D4d00yF8cMK52s8jabVuiLLcrUw9r+PkKDQ=="
      }
    }
  }
}