{
  "version": 2,
  "dependencies": {
    "net10.0": {
      "DotNet.ReproducibleBuilds": {
        "type": "Direct",
        "requested": "[2.0.5, )",
        "resolved": "2.0.5",
        "contentHash": "8LrlvI1KpjjJ4VGSqZ16yoOCKlQnYS+Y8rYNifNrscmVh5anJcF9E4e0NiDP30BHBMUbkoJ5KdcxoRWM7Pz9Aw=="
      },
      "Microsoft.NET.Test.Sdk": {
        "type": "Direct",
        "requested": "[18.8.1, )",
        "resolved": "18.8.1",
        "contentHash": "dknJL3/9Y3t4XuCBqnc0PevPxgLsUMmVhjwup/b1HNovA8zWcj3XsfIf7c6p05363DWcqL7X/YhDL9B+Zymv1w==",
        "dependencies": {
          "Microsoft.CodeCoverage": "18.8.1",
          "Microsoft.TestPlatform.TestHost": "18.8.1"
        }
      },
      "MSTest": {
        "type": "Direct",
        "requested": "[4.3.2, )",
        "resolved": "4.3.2",
        "contentHash": "sIUSdS+mvKJTQGDKN9dxIq944C5lAMlaLd7bK9tOxx/EK0L+OeoKOjSOZmShcOghuhkVMf1nsV7uS9ev5lF0Jg==",
        "dependencies": {
          "MSTest.TestAdapter": "4.3.2",
          "MSTest.TestFramework": "4.3.2",
          "Microsoft.NET.Test.Sdk": "18.4.0",
          "Microsoft.Testing.Extensions.CodeCoverage": "18.9.0",
          "Microsoft.Testing.Extensions.TrxReport": "2.3.2"
        }
      },
      "Shouldly": {
        "type": "Direct",
        "requested": "[4.3.0, )",
        "resolved": "4.3.0",
        "contentHash": "sDetrWXrl6YXZ4HeLsdBoNk3uIa7K+V4uvIJ+cqdRa5DrFxeTED7VkjoxCuU1kJWpUuBDZz2QXFzSxBtVXLwRQ==",
        "dependencies": {
          "DiffEngine": "11.3.0",
          "EmptyFiles": "4.4.0"
        }
      },
      "DiffEngine": {
        "type": "Transitive",
        "resolved": "11.3.0",
        "contentHash": "k0ZgZqd09jLZQjR8FyQbSQE86Q7QZnjEzq1LPHtj1R2AoWO8sjV5x+jlSisL7NZAbUOI4y+7Bog8gkr9WIRBGw==",
        "dependencies": {
          "EmptyFiles": "4.4.0",
          "System.Management": "6.0.1"
        }
      },
      "EmptyFiles": {
        "type": "Transitive",
        "resolved": "4.4.0",
        "contentHash": "gwJEfIGS7FhykvtZoscwXj/XwW+mJY6UbAZk+qtLKFUGWC95kfKXnj8VkxsZQnWBxJemM/q664rGLN5nf+OHZw=="
      },
      "Microsoft.ApplicationInsights": {
        "type": "Transitive",
        "resolved": "2.23.0",
        "contentHash": "nWArUZTdU7iqZLycLKWe0TDms48KKGE6pONH2terYNa8REXiqixrMOkf1sk5DHGMaUTqONU2YkS4SAXBhLStgw=="
      },
      "Microsoft.CodeCoverage": {
        "type": "Transitive",
        "resolved": "18.8.1",
        "contentHash": "Eclse/ZZjr4lmWzZFNN9h/OluhKL+SK/QbUyKUewgX139aGeyMEO/DkMPwuFs2MixvanTnz6891rF8UHDg+W4Q=="
      },
      "Microsoft.DiaSymReader": {
        "type": "Transitive",
        "resolved": "2.2.9",
        "contentHash": "WLbDc/W9XkHpGVtd1L6Vml8W6+PaaYZZTJASHjHF7W2WX/hld6bfNK102Ui+I3a6zIdx4+oKRJtMgHz44JmBfw=="
      },
      "Microsoft.Extensions.DependencyModel": {
        "type": "Transitive",
        "resolved": "10.0.8",
        "contentHash": "vLyZVpxmduO2jx+76ggqnsA3m81kwMY3NkWciNTj5E+Nvqb0VihqCvQP89QsGONWp0AJwMZG+u9GzaCjDdFGNw=="
      },
      "Microsoft.Testing.Extensions.CodeCoverage": {
        "type": "Transitive",
        "resolved": "18.9.0",
        "contentHash": "Odp8djWEUFTJoRV02y0zJaAwAHF31CtNaDgnKKM+8dBHbbaH7Ee0oo9gweLpbzjI7UrtMUzH6xLJSrICZw+Nwg==",
        "dependencies": {
          "Microsoft.DiaSymReader": "2.2.9",
          "Microsoft.Extensions.DependencyModel": "10.0.8",
          "Microsoft.Testing.Platform": "2.3.0"
        }
      },
      "Microsoft.Testing.Extensions.Telemetry": {
        "type": "Transitive",
        "resolved": "2.3.2",
        "contentHash": "Q1iapTk1DwFFT9aPtv4wxJHe22++NLxsg7IekEujac9RDAugxGQdCN0SQ1b9ryF78cdidhSBB17pHdCANurOyQ==",
        "dependencies": {
          "Microsoft.ApplicationInsights": "2.23.0",
          "Microsoft.Testing.Platform": "2.3.2"
        }
      },
      "Microsoft.Testing.Extensions.TrxReport": {
        "type": "Transitive",
        "resolved": "2.3.2",
        "contentHash": "JzCtiOAmIfkPP2PpAKZeiH1hVYIVC9jMhsPWrd6PnH/Wtuct1UMuxpKi2F1cmXgfokc/HOadC6HOO1qzI23tnA==",
        "dependencies": {
          "Microsoft.Testing.Extensions.TrxReport.Abstractions": "2.3.2",
          "Microsoft.Testing.Platform": "2.3.2"
        }
      },
      "Microsoft.Testing.Extensions.TrxReport.Abstractions": {
        "type": "Transitive",
        "resolved": "2.3.2",
        "contentHash": "frw+Qa6gUxOZSw2Mw6SPtJT9gPzcP4nS9TfQhS0cHXKL6Rcp/CqLG+o4Psc1bHAhxW04rpzTBhjpNMnw2L7BuQ==",
        "dependencies": {
          "Microsoft.Testing.Platform": "2.3.2"
        }
      },
      "Microsoft.Testing.Extensions.VSTestBridge": {
        "type": "Transitive",
        "resolved": "2.3.2",
        "contentHash": "DXJIaLlwt+6GnPurlf7eVMI0wAZV5KCZrgGPibhx9i9LNxAkwEOK2jVzdVjLvvZ/SX9MUUaGJB9yXuF/VoT4/w==",
        "dependencies": {
          "Microsoft.TestPlatform.ObjectModel": "18.4.0",
          "Microsoft.Testing.Extensions.Telemetry": "2.3.2",
          "Microsoft.Testing.Extensions.TrxReport.Abstractions": "2.3.2",
          "Microsoft.Testing.Platform": "2.3.2"
        }
      },
      "Microsoft.Testing.Platform.MSBuild": {
        "type": "Transitive",
        "resolved": "2.3.2",
        "contentHash": "guFvvaE8FGUlB6h24jN+P+NBz/P5x4On9sk4n5UapUAPq4fr0y1AgUe4sXmItp7r2NMe3rhZYLE1teP9T9sVbg==",
        "dependencies": {
          "Microsoft.Testing.Platform": "2.3.2"
        }
      },
      "Microsoft.TestPlatform.TestHost": {
        "type": "Transitive",
        "resolved": "18.8.1",
        "contentHash": "FaQHPDTUOcE+SFTjssNPfrub2lT9Zyon4J2W/KLHt/efLJACb1TCeWXyOgh0D/4Q1e4n+S3E6mOKud+9nLZlEA==",
        "dependencies": {
          "Microsoft.TestPlatform.ObjectModel": "18.8.1"
        }
      },
      "MSTest.Analyzers": {
        "type": "Transitive",
        "resolved": "4.3.2",
        "contentHash": "GNvrVI6/Y5pNoKnK1/VELBls3XiHNZaj+zh14LtwlCqFI8zXTW3vuBe0Jv2qEr9wxHlOAQQBTJPRoNRjneGrKQ=="
      },
      "MSTest.TestAdapter": {
        "type": "Transitive",
        "resolved": "4.3.2",
        "contentHash": "uqpjJqQ3ws5z7Pq6BfMFpuqdrN2YIfe0Gfww91LRVXwxBdLqUaJd4JbHUImOSQvmK5m3PqW285kPjKbb69QFoA==",
        "dependencies": {
          "MSTest.TestFramework": "4.3.2",
          "Microsoft.Testing.Extensions.VSTestBridge": "2.3.2",
          "Microsoft.Testing.Platform.MSBuild": "2.3.2"
        }
      },
      "System.CodeDom": {
        "type": "Transitive",
        "resolved": "6.0.0",
        "contentHash": "CPc6tWO1LAer3IzfZufDBRL+UZQcj5uS207NHALQzP84Vp/z6wF0Aa0YZImOQY8iStY0A2zI/e3ihKNPfUm8XA=="
      },
      "System.Management": {
        "type": "Transitive",
        "resolved": "6.0.1",
        "contentHash": "10J1D0h/lioojphfJ4Fuh5ZUThT/xOVHdV9roGBittKKNP2PMjrvibEdbVTGZcPra1399Ja3tqIJLyQrc5Wmhg==",
        "dependencies": {
          "System.CodeDom": "6.0.0"
        }
      },
      "stryker.regexmutators": {
        "type": "Project",
        "dependencies": {
          "Stryker.Regex.Parser": "[1.0.0, )"
        }
      },
      "Microsoft.Testing.Platform": {
        "type": "CentralTransitive",
        "requested": "[1.9.1, )",
        "resolved": "2.3.2",
        "contentHash": "FuJgIEfNU+rFHJYGhuqA8uup+3cryJ1N67Tijqo01Jd5xAr28ptz0aXkFfSqK3MhAUmGsrPpgQ92+3+0oXv8AA=="
      },
      "Microsoft.TestPlatform.ObjectModel": {
        "type": "CentralTransitive",
        "requested": "[18.8.1, )",
        "resolved": "18.8.1",
        "contentHash": "qLbktNB1+b1XZLNJBTzaWVVJAd6PEzD7cgD406geMb6PcFZhp3EDNa1tctWx1+mtMU6MP/6ozVvFPC9vs2a9rw=="
      },
      "MSTest.TestFramework": {
        "type": "CentralTransitive",
        "requested": "[4.3.2, )",
        "resolved": "4.3.2",
        "contentHash": "Vlj3THt/BcOV/93k0Cdq29RNEsrY3TvUV6mF13rOuY8Gx7Ltd+LrOYId8AYu0cH9ioCYY/Sx1hppfI9p/vP+aw==",
        "dependencies": {
          "MSTest.Analyzers": "4.3.2"
        }
      },
      "Stryker.Regex.Parser": {
        "type": "CentralTransitive",
        "requested": "[1.0.0, )",
        "resolved": "1.0.0",
        "contentHash": "39OYYkvF2KlMbhxLBM+GTJEzPLu0HfN1v4AOApDFt3+ivd5F8HXwV5yp2A2+i7a7F5Tv2zr/7faCIqZj9c7x4g=="
      }
    }
  }
}