{
  "version": 2,
  "dependencies": {
    "net8.0": {
      "coverlet.collector": {
        "type": "Direct",
        "requested": "[6.0.2, )",
        "resolved": "6.0.2",
        "contentHash": "bJShQ6uWRTQ100ZeyiMqcFlhP7WJ+bCuabUs885dJiBEzMsJMSFr7BOyeCw4rgvQokteGi5rKQTlkhfQPUXg2A=="
      },
      "coverlet.msbuild": {
        "type": "Direct",
        "requested": "[6.0.2, )",
        "resolved": "6.0.2",
        "contentHash": "8b4jBNH7mcQy1otyQErjjIUuGD74XxKZ1wvDufbY7jhWwckl7wIa+icjwdPYeI0aYMS4Tp63LIZvyMFjWwOMDw=="
      },
      "DotNet.ReproducibleBuilds": {
        "type": "Direct",
        "requested": "[1.2.4, )",
        "resolved": "1.2.4",
        "contentHash": "Ch9U74tQA2fQH+U0hcYH7WyIFUfAq7jrjgSHVu2FAcYiMBtbrCMyq2nGA/ZZnB2jSaUeOOYiCjxeaDVB7Ssbdw=="
      },
      "Microsoft.NET.Test.Sdk": {
        "type": "Direct",
        "requested": "[17.10.0, )",
        "resolved": "17.10.0",
        "contentHash": "0/2HeACkaHEYU3wc83YlcD2Fi4LMtECJjqrtvw0lPi9DCEa35zSPt1j4fuvM8NagjDqJuh1Ja35WcRtn1Um6/A==",
        "dependencies": {
          "Microsoft.CodeCoverage": "17.10.0",
          "Microsoft.TestPlatform.TestHost": "17.10.0"
        }
      },
      "MSTest": {
        "type": "Direct",
        "requested": "[3.5.2, )",
        "resolved": "3.5.2",
        "contentHash": "rFn6ZjUJccqHmL45wdEAjgDSMvctMGaq00bg/QkIZ03gPw4DZoXEEIP6PBbp/z51NYYWZJx6bmeS+JbhbcbK2g==",
        "dependencies": {
          "MSTest.Analyzers": "[3.5.2]",
          "MSTest.TestAdapter": "[3.5.2]",
          "MSTest.TestFramework": "[3.5.2]",
          "Microsoft.NET.Test.Sdk": "17.10.0"
        }
      },
      "RegexParser": {
        "type": "Direct",
        "requested": "[0.5.1, )",
        "resolved": "0.5.1",
        "contentHash": "cFqI0vxy4E7C83ijq1uFIkIOEnG3kezH+xBkBaQX9FvJKikrt+riQRDC4J4NQ5QXh/p6R3DC8qBVGXloC58zEQ=="
      },
      "Shouldly": {
        "type": "Direct",
        "requested": "[4.2.1, )",
        "resolved": "4.2.1",
        "contentHash": "dKAKiSuhLKqD2TXwLKtqNg1nwzJcIKOOMncZjk9LYe4W+h+SCftpWdxwR79YZUIHMH+3Vu9s0s0UHNrgICLwRQ==",
        "dependencies": {
          "DiffEngine": "11.3.0",
          "EmptyFiles": "4.4.0"
        }
      },
      "DiffEngine": {
        "type": "Transitive",
        "resolved": "11.3.0",
        "contentHash": "k0ZgZqd09jLZQjR8FyQbSQE86Q7QZnjEzq1LPHtj1R2AoWO8sjV5x+jlSisL7NZAbUOI4y+7Bog8gkr9WIRBGw==",
        "dependencies": {
          "EmptyFiles": "4.4.0",
          "System.Management": "6.0.1"
        }
      },
      "EmptyFiles": {
        "type": "Transitive",
        "resolved": "4.4.0",
        "contentHash": "gwJEfIGS7FhykvtZoscwXj/XwW+mJY6UbAZk+qtLKFUGWC95kfKXnj8VkxsZQnWBxJemM/q664rGLN5nf+OHZw=="
      },
      "Microsoft.ApplicationInsights": {
        "type": "Transitive",
        "resolved": "2.22.0",
        "contentHash": "3AOM9bZtku7RQwHyMEY3tQMrHIgjcfRDa6YQpd/QG2LDGvMydSlL9Di+8LLMt7J2RDdfJ7/2jdYv6yHcMJAnNw==",
        "dependencies": {
          "System.Diagnostics.DiagnosticSource": "5.0.0"
        }
      },
      "Microsoft.CodeCoverage": {
        "type": "Transitive",
        "resolved": "17.10.0",
        "contentHash": "yC7oSlnR54XO5kOuHlVOKtxomNNN1BWXX8lK1G2jaPXT9sUok7kCOoA4Pgs0qyFaCtMrNsprztYMeoEGqCm4uA=="
      },
      "Microsoft.Testing.Extensions.Telemetry": {
        "type": "Transitive",
        "resolved": "1.3.2",
        "contentHash": "4LTMPKH6yPv6/3Khdr7rLkzDQZWZdD1om0LKF8KDe/dPYHtS49kmAEcqQCzirWxx2n2ZNNOjm6OwRTRgyWa/Dg==",
        "dependencies": {
          "Microsoft.ApplicationInsights": "2.22.0",
          "Microsoft.Testing.Platform": "1.3.2"
        }
      },
      "Microsoft.Testing.Extensions.TrxReport.Abstractions": {
        "type": "Transitive",
        "resolved": "1.3.2",
        "contentHash": "E1FFHRIDOOnEuTIQ6eLA+GvJsfqVW2PWpvfa5oxu5fzXtVi7QyOf8IWs5KFfTxOjnuENmJfb08t5quKvc1n6zg==",
        "dependencies": {
          "Microsoft.Testing.Platform": "1.3.2"
        }
      },
      "Microsoft.Testing.Extensions.VSTestBridge": {
        "type": "Transitive",
        "resolved": "1.3.2",
        "contentHash": "MZzVIN5mocMHQyL4j8SGr2gnV01awTMi2Z+c001TARgLfBwI97WPONsHjxm9+fA4Fw6+8vJckksEHMe9gcF5tQ==",
        "dependencies": {
          "Microsoft.ApplicationInsights": "2.22.0",
          "Microsoft.TestPlatform.ObjectModel": "17.10.0",
          "Microsoft.Testing.Extensions.Telemetry": "1.3.2",
          "Microsoft.Testing.Extensions.TrxReport.Abstractions": "1.3.2",
          "Microsoft.Testing.Platform": "1.3.2"
        }
      },
      "Microsoft.Testing.Platform": {
        "type": "Transitive",
        "resolved": "1.3.2",
        "contentHash": "zCBH5GDrHdZJpOFBEZHG2TBkoDpmcL05kv+rdIPGjQ5Ny+JeqWIjuGNu0IOtvxw9Xl0+lKbH1LSoXPG4hzQMnA=="
      },
      "Microsoft.Testing.Platform.MSBuild": {
        "type": "Transitive",
        "resolved": "1.3.2",
        "contentHash": "ZIws1LkCsgMkMD9zUa6fy4X8tBuwY25y30rcc/myUipiKL3HfJzEwto1vMtkcguCoVgkQfJTXQDIxEPJy8c+xg==",
        "dependencies": {
          "Microsoft.Testing.Platform": "1.3.2"
        }
      },
      "Microsoft.TestPlatform.TestHost": {
        "type": "Transitive",
        "resolved": "17.10.0",
        "contentHash": "LWpMdfqhHvcUkeMCvNYJO8QlPLlYz9XPPb+ZbaXIKhdmjAV0wqTSrTiW5FLaf7RRZT50AQADDOYMOe0HxDxNgA==",
        "dependencies": {
          "Microsoft.TestPlatform.ObjectModel": "17.10.0",
          "Newtonsoft.Json": "13.0.1"
        }
      },
      "MSTest.Analyzers": {
        "type": "Transitive",
        "resolved": "3.5.2",
        "contentHash": "03T/0UPMmkGHpYy0alpExoho6sRM6441P6sFTG3HrWhN+tfxWTkOddv3VUrtKOULgb2g22IJRk7mtD7l6tZpkg=="
      },
      "MSTest.TestAdapter": {
        "type": "Transitive",
        "resolved": "3.5.2",
        "contentHash": "jEgtMo1/Ih/h0/s+cp+o1prVPBWp/SIh1jfYQH8pK/kQlHMGbwjhnbj0E7kqx3Bn+tGzB6pgq8Im4rgXoLJETA==",
        "dependencies": {
          "Microsoft.Testing.Extensions.VSTestBridge": "1.3.2",
          "Microsoft.Testing.Platform.MSBuild": "1.3.2"
        }
      },
      "Newtonsoft.Json": {
        "type": "Transitive",
        "resolved": "13.0.1",
        "contentHash": "ppPFpBcvxdsfUonNcvITKqLl3bqxWbDCZIzDWHzjpdAHRFfZe0Dw9HmA0+za13IdyrgJwpkDTDA9fHaxOrt20A=="
      },
      "System.CodeDom": {
        "type": "Transitive",
        "resolved": "6.0.0",
        "contentHash": "CPc6tWO1LAer3IzfZufDBRL+UZQcj5uS207NHALQzP84Vp/z6wF0Aa0YZImOQY8iStY0A2zI/e3ihKNPfUm8XA=="
      },
      "System.Diagnostics.DiagnosticSource": {
        "type": "Transitive",
        "resolved": "5.0.0",
        "contentHash": "tCQTzPsGZh/A9LhhA6zrqCRV4hOHsK90/G7q3Khxmn6tnB1PuNU0cRaKANP2AWcF9bn0zsuOoZOSrHuJk6oNBA=="
      },
      "System.Management": {
        "type": "Transitive",
        "resolved": "6.0.1",
        "contentHash": "10J1D0h/lioojphfJ4Fuh5ZUThT/xOVHdV9roGBittKKNP2PMjrvibEdbVTGZcPra1399Ja3tqIJLyQrc5Wmhg==",
        "dependencies": {
          "System.CodeDom": "6.0.0"
        }
      },
      "System.Reflection.Metadata": {
        "type": "Transitive",
        "resolved": "1.6.0",
        "contentHash": "COC1aiAJjCoA5GBF+QKL2uLqEBew4JsCkQmoHKbN3TlOZKa2fKLz5CpiRQKDz0RsAOEGsVKqOD5bomsXq/4STQ=="
      },
      "stryker.regexmutators": {
        "type": "Project",
        "dependencies": {
          "RegexParser": "[0.5.1, )"
        }
      },
      "Microsoft.TestPlatform.ObjectModel": {
        "type": "CentralTransitive",
        "requested": "[17.10.0, )",
        "resolved": "17.10.0",
        "contentHash": "KkwhjQevuDj0aBRoPLY6OLAhGqbPUEBuKLbaCs0kUVw29qiOYncdORd4mLVJbn9vGZ7/iFGQ/+AoJl0Tu5Umdg==",
        "dependencies": {
          "System.Reflection.Metadata": "1.6.0"
        }
      },
      "MSTest.TestFramework": {
        "type": "CentralTransitive",
        "requested": "[3.5.2, )",
        "resolved": "3.5.2",
        "contentHash": "XDPIPvPWcbnyte0Oj0EzxMV38RIE925C0EtZCWXUfsho+QYqIv3LNjIZstG/JpamlhPHOQlfdrzc/FRF9lW5Ag=="
      }
    }
  }
}