
Microsoft Visual Studio Solution File, Format Version 12.00
# Visual Studio Version 17
VisualStudioVersion = 17.12.35707.178
MinimumVisualStudioVersion = 10.0.40219.1
Project("{FAE04EC0-301F-11D3-BF4B-00C04F79EFBC}") = "UnitTests", "UnitTests\UnitTests.csproj", "{6B47BF30-C01E-47AE-B3C9-87A377648755}"
EndProject
Project("{FAE04EC0-301F-11D3-BF4B-00C04F79EFBC}") = "TargetProject", "TargetProject\TargetProject.csproj", "{AF9F4468-EC92-4C35-A546-8AF84267E51C}"
EndProject
Global
	GlobalSection(SolutionConfigurationPlatforms) = preSolution
		Debug|Any CPU = Debug|Any CPU
		Release|Any CPU = Release|Any CPU
	EndGlobalSection
	GlobalSection(ProjectConfigurationPlatforms) = postSolution
		{6B47BF30-C01E-47AE-B3C9-87A377648755}.Debug|Any CPU.ActiveCfg = Debug|Any CPU
		{6B47BF30-C01E-47AE-B3C9-87A377648755}.Debug|Any CPU.Build.0 = Debug|Any CPU
		{6B47BF30-C01E-47AE-B3C9-87A377648755}.Release|Any CPU.ActiveCfg = Release|Any CPU
		{6B47BF30-C01E-47AE-B3C9-87A377648755}.Release|Any CPU.Build.0 = Release|Any CPU
		{AF9F4468-EC92-4C35-A546-8AF84267E51C}.Debug|Any CPU.ActiveCfg = Debug|Any CPU
		{AF9F4468-EC92-4C35-A546-8AF84267E51C}.Debug|Any CPU.Build.0 = Debug|Any CPU
		{AF9F4468-EC92-4C35-A546-8AF84267E51C}.Release|Any CPU.ActiveCfg = Release|Any CPU
		{AF9F4468-EC92-4C35-A546-8AF84267E51C}.Release|Any CPU.Build.0 = Release|Any CPU
	EndGlobalSection
	GlobalSection(SolutionProperties) = preSolution
		HideSolutionNode = FALSE
	EndGlobalSection
EndGlobal
