{
  "version": 1,
  "dependencies": {
    "net10.0": {
      "Microsoft.NET.Test.Sdk": {
        "type": "Direct",
        "requested": "[17.13.0, )",
        "resolved": "17.13.0",
        "contentHash": "W19wCPizaIC9Zh47w8wWI/yxuqR7/dtABwOrc8r2jX/8mUNxM2vw4fXDh+DJTeogxV+KzKwg5jNNGQVwf3LXyA==",
        "dependencies": {
          "Microsoft.CodeCoverage": "17.13.0",
          "Microsoft.TestPlatform.TestHost": "17.13.0"
        }
      },
      "Microsoft.Testing.Extensions.CodeCoverage": {
        "type": "Direct",
        "requested": "[17.13.1, )",
        "resolved": "17.13.1",
        "contentHash": "Ok2HWJdOTzErMqLlWQZ/i2Fw05VWmgh1yhUWFYJAtUmCv6uJSgz/qAiriRgpTjZRWaKbb7HDaGfMgKSNcmaVfw==",
        "dependencies": {
          "Microsoft.DiaSymReader": "2.0.0",
          "Microsoft.Extensions.DependencyModel": "6.0.1",
          "Microsoft.Testing.Platform": "1.4.3",
          "Newtonsoft.Json": "13.0.3"
        }
      },
      "Microsoft.Testing.Extensions.TrxReport": {
        "type": "Direct",
        "requested": "[1.6.2, )",
        "resolved": "1.6.2",
        "contentHash": "Kynqkjey1ecUMHvx1tWfEcooIjOz3aHDCWhxpNhv1HRqtxmSp2FE+6Y2F7rNPFe4HyQ5UqZ3r6GgYs8gFBR27g==",
        "dependencies": {
          "Microsoft.Testing.Extensions.TrxReport.Abstractions": "1.6.2",
          "Microsoft.Testing.Platform": "1.6.2"
        }
      },
      "MSTest.TestAdapter": {
        "type": "Direct",
        "requested": "[3.8.2, )",
        "resolved": "3.8.2",
        "contentHash": "Xzch3LrRJKzIMP6D956W0DEy8NInkNSXS9novzEC72hMz8VlhDamRNDsR+b5QMvct+1TTIWRvw6cBHtiMB6Ajw==",
        "dependencies": {
          "Microsoft.Testing.Extensions.VSTestBridge": "1.6.2",
          "Microsoft.Testing.Platform.MSBuild": "1.6.2"
        }
      },
      "MSTest.TestFramework": {
        "type": "Direct",
        "requested": "[3.8.2, )",
        "resolved": "3.8.2",
        "contentHash": "GE6TAA3yC6rYFZcUY7NprA4muVKtTCgoPwFPLu+Q0XgNjcIBa7C1O+hGT23mWwyiAyzVOH6G33pHsJS8mI2hqA==",
        "dependencies": {
          "MSTest.Analyzers": "3.8.2"
        }
      },
      "Microsoft.ApplicationInsights": {
        "type": "Transitive",
        "resolved": "2.22.0",
        "contentHash": "3AOM9bZtku7RQwHyMEY3tQMrHIgjcfRDa6YQpd/QG2LDGvMydSlL9Di+8LLMt7J2RDdfJ7/2jdYv6yHcMJAnNw=="
      },
      "Microsoft.CodeAnalysis.Analyzers": {
        "type": "Transitive",
        "resolved": "3.11.0",
        "contentHash": "v/EW3UE8/lbEYHoC2Qq7AR/DnmvpgdtAMndfQNmpuIMx/Mto8L5JnuCfdBYtgvalQOtfNCnxFejxuRrryvUTsg=="
      },
      "Microsoft.CodeAnalysis.Common": {
        "type": "Transitive",
        "resolved": "5.0.0",
        "contentHash": "ZXRAdvH6GiDeHRyd3q/km8Z44RoM6FBWHd+gen/la81mVnAdHTEsEkO5J0TCNXBymAcx5UYKt5TvgKBhaLJEow==",
        "dependencies": {
          "Microsoft.CodeAnalysis.Analyzers": "3.11.0"
        }
      },
      "Microsoft.CodeCoverage": {
        "type": "Transitive",
        "resolved": "17.13.0",
        "contentHash": "9LIUy0y+DvUmEPtbRDw6Bay3rzwqFV8P4efTrK4CZhQle3M/QwLPjISghfcolmEGAPWxuJi6m98ZEfk4VR4Lfg=="
      },
      "Microsoft.DiaSymReader": {
        "type": "Transitive",
        "resolved": "2.0.0",
        "contentHash": "QcZrCETsBJqy/vQpFtJc+jSXQ0K5sucQ6NUFbTNVHD4vfZZOwjZ/3sBzczkC4DityhD3AVO/+K/+9ioLs1AgRA=="
      },
      "Microsoft.Extensions.DependencyModel": {
        "type": "Transitive",
        "resolved": "6.0.1",
        "contentHash": "AdvrtrqZpMgW4tIAQ/8gE1LAM/FjFY8JrFdyiolOf9WLEfN3WuFG1Hje6n0jqaOs3ldZFGWhatJQHJRrIOd++w=="
      },
      "Microsoft.Testing.Extensions.Telemetry": {
        "type": "Transitive",
        "resolved": "1.6.2",
        "contentHash": "40oMlQzyey4jOihY0IpUufSoMYeijYgvrtIxuYmuVx1k5xl271XlP0gwD2DwAKnvmmP0cocou531d6/CB3cCIA==",
        "dependencies": {
          "Microsoft.ApplicationInsights": "2.22.0",
          "Microsoft.Testing.Platform": "1.6.2"
        }
      },
      "Microsoft.Testing.Extensions.TrxReport.Abstractions": {
        "type": "Transitive",
        "resolved": "1.6.2",
        "contentHash": "EE4PoYoRtrTKE0R22bXuBguVgdEeepImy0S8xHaZOcGz5AuahB2i+0CV4UTefLqO1dtbA4APfumpP1la+Yn3SA==",
        "dependencies": {
          "Microsoft.Testing.Platform": "1.6.2"
        }
      },
      "Microsoft.Testing.Extensions.VSTestBridge": {
        "type": "Transitive",
        "resolved": "1.6.2",
        "contentHash": "ZvYa+VDuk39EIqyOZ/IMFSRd/N54zFBnDFmDagFBJt21vZZnSG6l/3CkJX3DvmYmuf5Byj9w7Xf46mkWuur4LQ==",
        "dependencies": {
          "Microsoft.TestPlatform.ObjectModel": "17.13.0",
          "Microsoft.Testing.Extensions.Telemetry": "1.6.2",
          "Microsoft.Testing.Extensions.TrxReport.Abstractions": "1.6.2",
          "Microsoft.Testing.Platform": "1.6.2"
        }
      },
      "Microsoft.Testing.Platform": {
        "type": "Transitive",
        "resolved": "1.6.2",
        "contentHash": "7CFJKN3An5Ra6YOrTCAi7VldSRTxGGokqC0NSNrpKTKO6NJJby10EWwnqV/v2tawcRzfSbLpKNpvBv7s7ZoD3Q=="
      },
      "Microsoft.Testing.Platform.MSBuild": {
        "type": "Transitive",
        "resolved": "1.6.2",
        "contentHash": "tF5UgrXh0b0F8N11uWfaZT91v5QvuTZDwWP19GDMHPalWFKfmlix92xExo7cotJDoAK+bzljLK0S0XJuigYLbA==",
        "dependencies": {
          "Microsoft.Testing.Platform": "1.6.2"
        }
      },
      "Microsoft.TestPlatform.ObjectModel": {
        "type": "Transitive",
        "resolved": "17.13.0",
        "contentHash": "bt0E0Dx+iqW97o4A59RCmUmz/5NarJ7LRL+jXbSHod72ibL5XdNm1Ke+UO5tFhBG4VwHLcSjqq9BUSblGNWamw=="
      },
      "Microsoft.TestPlatform.TestHost": {
        "type": "Transitive",
        "resolved": "17.13.0",
        "contentHash": "9GGw08Dc3AXspjekdyTdZ/wYWFlxbgcF0s7BKxzVX+hzAwpifDOdxM+ceVaaJSQOwqt3jtuNlHn3XTpKUS9x9Q==",
        "dependencies": {
          "Microsoft.TestPlatform.ObjectModel": "17.13.0",
          "Newtonsoft.Json": "13.0.1"
        }
      },
      "MSTest.Analyzers": {
        "type": "Transitive",
        "resolved": "3.8.2",
        "contentHash": "ODWteXvnMEgCoZl1vAi2lOFIFFJSZkyQoQB9AFwBEUrzgJpy5J4ml3jLye4n85TA7gd+Qg2eWtqkvyEunB7B0g=="
      },
      "Newtonsoft.Json": {
        "type": "Transitive",
        "resolved": "13.0.3",
        "contentHash": "HrC5BXdl00IP9zeV+0Z848QWPAoCr9P3bDEZguI+gkLcBKAOxix/tLEAAHC+UvDNPv4a2d18lOReHMOagPa+zQ=="
      },
      "Serilog": {
        "type": "Transitive",
        "resolved": "4.3.1",
        "contentHash": "savYe7h5yRlkqBVOwP8cIRDOdqKiPmYCU4W87JH38sBmcKD5EBoXvQIw6bNEvZ/pTe1gsiye3VFCzBsoppGkXQ=="
      },
      "library": {
        "type": "Project"
      },
      "targetproject": {
        "type": "Project",
        "dependencies": {
          "Library": "[1.0.0, )",
          "Microsoft.CodeAnalysis.Common": "[5.0.0, )",
          "Serilog": "[4.3.1, )"
        }
      }
    }
  }
}