{
  "version": 1,
  "dependencies": {
    "net6.0": {
      "FSharp.Core": {
        "type": "Direct",
        "requested": "[7.0.402, )",
        "resolved": "7.0.402",
        "contentHash": "BRroW3i8q19jnAw0C/sfHkafwrS1lPtLF3YCcR+O3n1LnbJPTrbp8YVHauS8sJ1fMxiZjK/oEDfBu17bnCXgvw=="
      }
    }
  }
}