<Solution>
  <Configurations>
    <Platform Name="Any CPU" />
    <Platform Name="x64" />
    <Platform Name="x86" />
  </Configurations>
  <Project Path="Calculator/Calculator.csproj" />
  <Project Path="Formatter/Formatter.csproj" />
  <Project Path="UnitTests.MultiAssembly/UnitTests.MultiAssembly.csproj" />
</Solution>
