
Microsoft Visual Studio Solution File, Format Version 12.00
# Visual Studio 15
VisualStudioVersion = 15.0.27130.2027
MinimumVisualStudioVersion = 10.0.40219.1
Project("{9A19103F-16F7-4668-BE54-9A1E7A4F7556}") = "ExampleProject", "ExampleProject\ExampleProject.csproj", "{B83BF70F-643F-4A5C-9FDD-59636DFC2364}"
EndProject
Project("{9A19103F-16F7-4668-BE54-9A1E7A4F7556}") = "ExampleProject.XUnit", "ExampleProject.XUnit\ExampleProject.XUnit.csproj", "{E37D6AE9-51D4-45AF-A7A8-645369C4A8A4}"
EndProject
Project("{9A19103F-16F7-4668-BE54-9A1E7A4F7556}") = "ExampleClassLibrary", "ExampleClassLibrary\ExampleClassLibrary.csproj", "{434262A2-83F7-49EE-A3A5-50DB6382060C}"
EndProject
Project("{FAE04EC0-301F-11D3-BF4B-00C04F79EFBC}") = "ExampleProject.NUnit", "ExampleProject.NUnit\ExampleProject.NUnit.csproj", "{DDB9FC42-356F-49C5-8786-9B7B1C560E92}"
EndProject
Global
	GlobalSection(SolutionConfigurationPlatforms) = preSolution
		Debug|Any CPU = Debug|Any CPU
		Release|Any CPU = Release|Any CPU
	EndGlobalSection
	GlobalSection(ProjectConfigurationPlatforms) = postSolution
		{B83BF70F-643F-4A5C-9FDD-59636DFC2364}.Debug|Any CPU.ActiveCfg = Debug|Any CPU
		{B83BF70F-643F-4A5C-9FDD-59636DFC2364}.Debug|Any CPU.Build.0 = Debug|Any CPU
		{B83BF70F-643F-4A5C-9FDD-59636DFC2364}.Release|Any CPU.ActiveCfg = Release|Any CPU
		{B83BF70F-643F-4A5C-9FDD-59636DFC2364}.Release|Any CPU.Build.0 = Release|Any CPU
		{E37D6AE9-51D4-45AF-A7A8-645369C4A8A4}.Debug|Any CPU.ActiveCfg = Debug|Any CPU
		{E37D6AE9-51D4-45AF-A7A8-645369C4A8A4}.Debug|Any CPU.Build.0 = Debug|Any CPU
		{E37D6AE9-51D4-45AF-A7A8-645369C4A8A4}.Release|Any CPU.ActiveCfg = Release|Any CPU
		{E37D6AE9-51D4-45AF-A7A8-645369C4A8A4}.Release|Any CPU.Build.0 = Release|Any CPU
		{434262A2-83F7-49EE-A3A5-50DB6382060C}.Debug|Any CPU.ActiveCfg = Debug|Any CPU
		{434262A2-83F7-49EE-A3A5-50DB6382060C}.Debug|Any CPU.Build.0 = Debug|Any CPU
		{434262A2-83F7-49EE-A3A5-50DB6382060C}.Release|Any CPU.ActiveCfg = Release|Any CPU
		{434262A2-83F7-49EE-A3A5-50DB6382060C}.Release|Any CPU.Build.0 = Release|Any CPU
		{DDB9FC42-356F-49C5-8786-9B7B1C560E92}.Debug|Any CPU.ActiveCfg = Debug|Any CPU
		{DDB9FC42-356F-49C5-8786-9B7B1C560E92}.Debug|Any CPU.Build.0 = Debug|Any CPU
		{DDB9FC42-356F-49C5-8786-9B7B1C560E92}.Release|Any CPU.ActiveCfg = Release|Any CPU
		{DDB9FC42-356F-49C5-8786-9B7B1C560E92}.Release|Any CPU.Build.0 = Release|Any CPU
	EndGlobalSection
	GlobalSection(SolutionProperties) = preSolution
		HideSolutionNode = FALSE
	EndGlobalSection
	GlobalSection(ExtensibilityGlobals) = postSolution
		SolutionGuid = {E682D48B-8C16-4466-A40D-FB2BAE863049}
	EndGlobalSection
EndGlobal
