{
  "version": 2,
  "dependencies": {
    "net10.0": {
      "DotNet.ReproducibleBuilds": {
        "type": "Direct",
        "requested": "[2.0.5, )",
        "resolved": "2.0.5",
        "contentHash": "8LrlvI1KpjjJ4VGSqZ16yoOCKlQnYS+Y8rYNifNrscmVh5anJcF9E4e0NiDP30BHBMUbkoJ5KdcxoRWM7Pz9Aw=="
      },
      "Microsoft.NET.Test.Sdk": {
        "type": "Direct",
        "requested": "[18.8.1, )",
        "resolved": "18.8.1",
        "contentHash": "dknJL3/9Y3t4XuCBqnc0PevPxgLsUMmVhjwup/b1HNovA8zWcj3XsfIf7c6p05363DWcqL7X/YhDL9B+Zymv1w==",
        "dependencies": {
          "Microsoft.CodeCoverage": "18.8.1",
          "Microsoft.TestPlatform.TestHost": "18.8.1"
        }
      },
      "Moq": {
        "type": "Direct",
        "requested": "[4.20.72, )",
        "resolved": "4.20.72",
        "contentHash": "EA55cjyNn8eTNWrgrdZJH5QLFp2L43oxl1tlkoYUKIE9pRwL784OWiTXeCV5ApS+AMYEAlt7Fo03A2XfouvHmQ==",
        "dependencies": {
          "Castle.Core": "5.1.1"
        }
      },
      "MSTest": {
        "type": "Direct",
        "requested": "[4.1.0, )",
        "resolved": "4.1.0",
        "contentHash": "2bk47yg7HcHRyf6Zf0XgCZicTVTQj4D5lonYTO7lWMxCQB+x66VrQNc2dADBfzthKXfHaA37m8i+VV5h6SbWiA==",
        "dependencies": {
          "MSTest.TestAdapter": "4.1.0",
          "MSTest.TestFramework": "4.1.0",
          "Microsoft.NET.Test.Sdk": "18.0.1",
          "Microsoft.Testing.Extensions.CodeCoverage": "18.4.1",
          "Microsoft.Testing.Extensions.TrxReport": "2.1.0"
        }
      },
      "Shouldly": {
        "type": "Direct",
        "requested": "[4.3.0, )",
        "resolved": "4.3.0",
        "contentHash": "sDetrWXrl6YXZ4HeLsdBoNk3uIa7K+V4uvIJ+cqdRa5DrFxeTED7VkjoxCuU1kJWpUuBDZz2QXFzSxBtVXLwRQ==",
        "dependencies": {
          "DiffEngine": "11.3.0",
          "EmptyFiles": "4.4.0"
        }
      },
      "Spectre.Console.Testing": {
        "type": "Direct",
        "requested": "[0.57.2, )",
        "resolved": "0.57.2",
        "contentHash": "X9d6yEgamanA2F+OU28l8c00WZW36ZWeeIzHJLuCFFI1aK+uieG4O4KbYlGfGpnB4jPF+EsTTdEeTSk1ril0MA==",
        "dependencies": {
          "Spectre.Console": "0.57.2"
        }
      },
      "TestableIO.System.IO.Abstractions.TestingHelpers": {
        "type": "Direct",
        "requested": "[22.2.0, )",
        "resolved": "22.2.0",
        "contentHash": "mmsYxNRoxsimceoqImCPVf+LuqJJSd8esDQVP5uONDUZ8envfrKen8I+fRtwsoyt+GVrKvf+XiZJgKWns+t9eg==",
        "dependencies": {
          "TestableIO.System.IO.Abstractions.Wrappers": "22.2.0",
          "Testably.Abstractions.FileSystem.Interface": "10.3.0"
        }
      },
      "AWSSDK.Core": {
        "type": "Transitive",
        "resolved": "4.0.100.5",
        "contentHash": "OYkCEqfNDh6uDlsCF+pBCOi9LvaEg9m2iU5xtbMci3yW8SpCIPOijiqB5OINIhdDvrQAltFd0x4BeYfF7GJVSw=="
      },
      "Azure.Core": {
        "type": "Transitive",
        "resolved": "1.55.0",
        "contentHash": "c7femvYS/xEUrLP1sNZN+DoQZmx3X+G3ZXtOOz0RL/7cGMCM3JVqepVmRd3AwM4IK8AtTGS4GOigCO+d/zaSsQ==",
        "dependencies": {
          "Microsoft.Bcl.AsyncInterfaces": "10.0.3",
          "Microsoft.Extensions.Configuration.Abstractions": "10.0.3",
          "Microsoft.Extensions.Hosting.Abstractions": "10.0.3",
          "Microsoft.Identity.Client": "4.83.1",
          "Microsoft.Identity.Client.Extensions.Msal": "4.83.1",
          "System.ClientModel": "1.11.0",
          "System.Memory.Data": "10.0.3"
        }
      },
      "Azure.Storage.Common": {
        "type": "Transitive",
        "resolved": "12.28.0",
        "contentHash": "5l8YhNrks38zKLGFW2BBFLwieyamH/xauABSASsdpZv79G0f+n2n22IjkRmUqCmALSupkwRHh2LOhbW3yj5Qgw==",
        "dependencies": {
          "Azure.Core": "1.55.0",
          "System.IO.Hashing": "10.0.3"
        }
      },
      "Buildalyzer.Logger": {
        "type": "Transitive",
        "resolved": "9.0.0",
        "contentHash": "9zJ/NpiBiUzySAMcLfHFlENgMN1TSYSlXcIts4v9i3+NOKTodRehRKlL9wBDHn2oPLyjpo0kxUlsyRUwzymNfA=="
      },
      "Castle.Core": {
        "type": "Transitive",
        "resolved": "5.1.1",
        "contentHash": "rpYtIczkzGpf+EkZgDr9CClTdemhsrwA/W5hMoPjLkRFnXzH44zDLoovXeKtmxb1ykXK9aJVODSpiJml8CTw2g==",
        "dependencies": {
          "System.Diagnostics.EventLog": "6.0.0"
        }
      },
      "DiffEngine": {
        "type": "Transitive",
        "resolved": "11.3.0",
        "contentHash": "k0ZgZqd09jLZQjR8FyQbSQE86Q7QZnjEzq1LPHtj1R2AoWO8sjV5x+jlSisL7NZAbUOI4y+7Bog8gkr9WIRBGw==",
        "dependencies": {
          "EmptyFiles": "4.4.0",
          "System.Management": "6.0.1"
        }
      },
      "EmptyFiles": {
        "type": "Transitive",
        "resolved": "4.4.0",
        "contentHash": "gwJEfIGS7FhykvtZoscwXj/XwW+mJY6UbAZk+qtLKFUGWC95kfKXnj8VkxsZQnWBxJemM/q664rGLN5nf+OHZw=="
      },
      "LibGit2Sharp.NativeBinaries": {
        "type": "Transitive",
        "resolved": "2.0.323",
        "contentHash": "Kg+fJGWhGj5qRXG0Ilj4ddhuodGXZg57yhfX6OVUDR0M2DKg/UR42/d74+qv5l1qotc1qJilo/ho7xQnULP6yA=="
      },
      "MessagePack": {
        "type": "Transitive",
        "resolved": "2.5.302",
        "contentHash": "5DZsKli4dMEpm/glcMAheuO8/IesfaTskbfsuvgnQwWFKS5FN7Z6yNx+5F+UW94E+9N2qt8Zs63/XVzpLsElgA==",
        "dependencies": {
          "MessagePack.Annotations": "2.5.302",
          "Microsoft.NET.StringTools": "17.6.3"
        }
      },
      "MessagePack.Annotations": {
        "type": "Transitive",
        "resolved": "2.5.302",
        "contentHash": "PTHQHbMJzx1VtUUCpnvPavD7o5X9s2dAJ4uQHAP2kBCwJKICpPTZq0qxzbB4/6iJJiIxem8zlxyfldGAx1SjSQ=="
      },
      "Microsoft.ApplicationInsights": {
        "type": "Transitive",
        "resolved": "2.23.0",
        "contentHash": "nWArUZTdU7iqZLycLKWe0TDms48KKGE6pONH2terYNa8REXiqixrMOkf1sk5DHGMaUTqONU2YkS4SAXBhLStgw=="
      },
      "Microsoft.Bcl.AsyncInterfaces": {
        "type": "Transitive",
        "resolved": "10.0.3",
        "contentHash": "TV62UsrJZPX6gbt3c4WrtXh7bmaDIcMqf9uft1cc4L6gJXOU07hDGEh+bFQh/L2Az0R1WVOkiT66lFqS6G2NmA=="
      },
      "Microsoft.Build": {
        "type": "Transitive",
        "resolved": "17.14.28",
        "contentHash": "MmGLEsROW1C9dH/d4sOqUX0sVNs2uwTCFXRQb89+pYNWDNJE+7bTJG9kOCbHeCH252XLnP55KIaOgwSpf6J4Kw==",
        "dependencies": {
          "Microsoft.Build.Framework": "17.14.28",
          "Microsoft.NET.StringTools": "17.14.28",
          "System.Configuration.ConfigurationManager": "9.0.0",
          "System.Diagnostics.EventLog": "9.0.0",
          "System.Reflection.MetadataLoadContext": "9.0.0",
          "System.Security.Cryptography.ProtectedData": "9.0.0"
        }
      },
      "Microsoft.Build.Framework": {
        "type": "Transitive",
        "resolved": "17.14.28",
        "contentHash": "wRcyTzGV0LRAtFdrddtioh59Ky4/zbvyraP0cQkDzRSRkhgAQb0K88D/JNC6VHLIXanRi3mtV1jU0uQkBwmiVg=="
      },
      "Microsoft.Build.Tasks.Core": {
        "type": "Transitive",
        "resolved": "17.14.28",
        "contentHash": "jk3O0tXp9QWPXhLJ7Pl8wm/eGtGgA1++vwHGWEmnwMU6eP//ghtcCUpQh9CQMwEKGDnH0aJf285V1s8yiSlKfQ==",
        "dependencies": {
          "Microsoft.Build.Framework": "17.14.28",
          "Microsoft.Build.Utilities.Core": "17.14.28",
          "Microsoft.NET.StringTools": "17.14.28",
          "System.CodeDom": "9.0.0",
          "System.Configuration.ConfigurationManager": "9.0.0",
          "System.Diagnostics.EventLog": "9.0.0",
          "System.Formats.Nrbf": "9.0.0",
          "System.Resources.Extensions": "9.0.0",
          "System.Security.Cryptography.Pkcs": "9.0.0",
          "System.Security.Cryptography.ProtectedData": "9.0.0",
          "System.Security.Cryptography.Xml": "9.0.0"
        }
      },
      "Microsoft.Build.Utilities.Core": {
        "type": "Transitive",
        "resolved": "17.14.28",
        "contentHash": "rhSdPo8QfLXXWM+rY0x0z1G4KK4ZhMoIbHROyDj8MUBFab9nvHR0NaMnjzOgXldhmD2zi2ir8d6xCatNzlhF5g==",
        "dependencies": {
          "Microsoft.Build.Framework": "17.14.28",
          "Microsoft.NET.StringTools": "17.14.28",
          "System.Configuration.ConfigurationManager": "9.0.0",
          "System.Diagnostics.EventLog": "9.0.0",
          "System.Security.Cryptography.ProtectedData": "9.0.0"
        }
      },
      "Microsoft.CodeCoverage": {
        "type": "Transitive",
        "resolved": "18.8.1",
        "contentHash": "Eclse/ZZjr4lmWzZFNN9h/OluhKL+SK/QbUyKUewgX139aGeyMEO/DkMPwuFs2MixvanTnz6891rF8UHDg+W4Q=="
      },
      "Microsoft.DiaSymReader": {
        "type": "Transitive",
        "resolved": "2.0.0",
        "contentHash": "QcZrCETsBJqy/vQpFtJc+jSXQ0K5sucQ6NUFbTNVHD4vfZZOwjZ/3sBzczkC4DityhD3AVO/+K/+9ioLs1AgRA=="
      },
      "Microsoft.Extensions.Configuration.Abstractions": {
        "type": "Transitive",
        "resolved": "10.0.3",
        "contentHash": "xVDHL0+SIgemfh95fTO9cGLe17TWv/ZP0n7m01z8X6pzt2DmQpucioWR/mYZA1sRlkWnkXzfl0JweLNWmE9WMg==",
        "dependencies": {
          "Microsoft.Extensions.Primitives": "10.0.3"
        }
      },
      "Microsoft.Extensions.Configuration.Binder": {
        "type": "Transitive",
        "resolved": "6.0.0",
        "contentHash": "b3ErKzND8LIC7o08QAVlKfaEIYEvLJbtmVbFZVBRXeu9YkKfSSzLZfR1SUfQPBIy9mKLhEtJgGYImkcMNaKE0A==",
        "dependencies": {
          "Microsoft.Extensions.Configuration.Abstractions": "6.0.0"
        }
      },
      "Microsoft.Extensions.DependencyInjection.Abstractions": {
        "type": "Transitive",
        "resolved": "10.0.10",
        "contentHash": "z/2xXlFw2aLGjHyEm6E0tQ+In6VfzQzTrtArbQ2c0TQE16ZbyDCMGPvaUT9I0s8rgy9sRWlU2P9waW37qV04qA=="
      },
      "Microsoft.Extensions.DependencyModel": {
        "type": "Transitive",
        "resolved": "8.0.2",
        "contentHash": "mUBDZZRgZrSyFOsJ2qJJ9fXfqd/kXJwf3AiDoqLD9m6TjY5OO/vLNOb9fb4juC0487eq4hcGN/M2Rh/CKS7QYw=="
      },
      "Microsoft.Extensions.Diagnostics.Abstractions": {
        "type": "Transitive",
        "resolved": "10.0.3",
        "contentHash": "mQiTzAj7PIJ2A9YXR5QhgulS1fTWhmQc3ckd1Mrf3hKW07d03fBDqx8vVaFw+cRTebDOeB6pNqdWdnRxsi1hBA==",
        "dependencies": {
          "Microsoft.Extensions.DependencyInjection.Abstractions": "10.0.3",
          "Microsoft.Extensions.Options": "10.0.3"
        }
      },
      "Microsoft.Extensions.FileProviders.Abstractions": {
        "type": "Transitive",
        "resolved": "10.0.3",
        "contentHash": "4TD9AXDRsipTmaemwnjt/DM5Ri0de2JzHQhvZ4woBTjUtL4XrPNsMrOk5oiLJAx1gTrE6pOIhxv+lEde5F6CZA==",
        "dependencies": {
          "Microsoft.Extensions.Primitives": "10.0.3"
        }
      },
      "Microsoft.Extensions.Hosting.Abstractions": {
        "type": "Transitive",
        "resolved": "10.0.3",
        "contentHash": "GdMpC10Jf6poxSvUJ4lgYpJ5F/kJeaAoJmrPufjBoPYyCTKKY5Dyl0rZA+LBNvFqTq1cZa/lhlptlUhNvU6xrg==",
        "dependencies": {
          "Microsoft.Extensions.Configuration.Abstractions": "10.0.3",
          "Microsoft.Extensions.DependencyInjection.Abstractions": "10.0.3",
          "Microsoft.Extensions.Diagnostics.Abstractions": "10.0.3",
          "Microsoft.Extensions.FileProviders.Abstractions": "10.0.3",
          "Microsoft.Extensions.Logging.Abstractions": "10.0.3"
        }
      },
      "Microsoft.Extensions.Options": {
        "type": "Transitive",
        "resolved": "10.0.10",
        "contentHash": "srnhnk7nE8krBiIXp71LvBmKBtraBONWSRzdjJgRv1Ko9Mp8IVNqv4vIS9hGeVteBig8aQkva9ZG+sC+o5sVcA==",
        "dependencies": {
          "Microsoft.Extensions.DependencyInjection.Abstractions": "10.0.10",
          "Microsoft.Extensions.Primitives": "10.0.10"
        }
      },
      "Microsoft.Extensions.Primitives": {
        "type": "Transitive",
        "resolved": "10.0.10",
        "contentHash": "5wu/GrYVd8mG2DVUw3vFJzF+O336TyTGg/Kmcgw9bfwYhCoFiV5lR5QeEmKecJyrW4W54nMfD3p3589E8a7czQ=="
      },
      "Microsoft.Identity.Client": {
        "type": "Transitive",
        "resolved": "4.83.1",
        "contentHash": "jOLIrZ3cynoqHLLO1cXplFFabrhrMEYs/EuKHvmCyrOm1axqiVFT6nCSnHxk7w5+d2BeQfCdM12Yf/0X7OeS1g==",
        "dependencies": {
          "Microsoft.IdentityModel.Abstractions": "8.14.0"
        }
      },
      "Microsoft.Identity.Client.Extensions.Msal": {
        "type": "Transitive",
        "resolved": "4.83.1",
        "contentHash": "I3k4J4Hj4KbLEFanjeUzzDOVecukETaTgEkJ7h2pP/Yazs6SLp6TVUTo/Eo+ptPXMwvc+iX7rBFtMSUrA7R+Mg==",
        "dependencies": {
          "Microsoft.Identity.Client": "4.83.1",
          "System.Security.Cryptography.ProtectedData": "4.5.0"
        }
      },
      "Microsoft.IdentityModel.Abstractions": {
        "type": "Transitive",
        "resolved": "8.14.0",
        "contentHash": "iwbCpSjD3ehfTwBhtSNEtKPK0ICun6ov7Ibx6ISNA9bfwIyzI2Siwyi9eJFCJBwxowK9xcA1mj+jBWiigeqgcQ=="
      },
      "Microsoft.NET.StringTools": {
        "type": "Transitive",
        "resolved": "18.4.0",
        "contentHash": "iQWOKi3L5QStmWqDjDubcr1KlTDy88qBTe88I0etlUUo1l0zSNebGJXl1Xetyl+ACA+ujP3YUtxo3Nz54JPriw=="
      },
      "Microsoft.Testing.Extensions.CodeCoverage": {
        "type": "Transitive",
        "resolved": "18.4.1",
        "contentHash": "l1VZM9dg9s76L5D288ipAT4HRYDJ6Vxh8wX20gfS9VnpueedRfN4/aGNn4oA1g6pwq2WSM3Ci7IoSSGPiqu+WQ==",
        "dependencies": {
          "Microsoft.DiaSymReader": "2.0.0",
          "Microsoft.Extensions.DependencyModel": "8.0.2",
          "Microsoft.Testing.Platform": "2.0.2"
        }
      },
      "Microsoft.Testing.Extensions.Telemetry": {
        "type": "Transitive",
        "resolved": "2.1.0",
        "contentHash": "5TwgTx2u7k9Al/xbZ18QXq4Hdy2xewkVTI6K3sk+jY2ykqUkIKNuj7rFu3GOV5KnEUkevhw6eZcyZs77STHJIA==",
        "dependencies": {
          "Microsoft.ApplicationInsights": "2.23.0",
          "Microsoft.Testing.Platform": "2.1.0"
        }
      },
      "Microsoft.Testing.Extensions.TrxReport": {
        "type": "Transitive",
        "resolved": "2.1.0",
        "contentHash": "cXmP225WcMLLOSrW8xekaNhfzdBwXX3cbXbE5qSzmLbK0KZe3z8rAObKj70FWiPPPzm2W22x0ZW93gsmAfK6Mg==",
        "dependencies": {
          "Microsoft.Testing.Extensions.TrxReport.Abstractions": "2.1.0",
          "Microsoft.Testing.Platform": "2.1.0"
        }
      },
      "Microsoft.Testing.Extensions.TrxReport.Abstractions": {
        "type": "Transitive",
        "resolved": "2.1.0",
        "contentHash": "D8xmIJYQFJ6D49Rx5/vPrkZZxb338Jkew+eSqZLBfBiWKw4QZKy3i1BOXiLfz0lOmaNErwDz/YWRojCdNl+B9Q==",
        "dependencies": {
          "Microsoft.Testing.Platform": "2.1.0"
        }
      },
      "Microsoft.Testing.Extensions.VSTestBridge": {
        "type": "Transitive",
        "resolved": "2.1.0",
        "contentHash": "bNRIEA2YoGr+Y+7LHdA7i1U80+7BAdf4K4Qh4Kx6eKkoBK/NV7QpoMg+GWPP0/eqAFzuUmUOIPVZ87Oo0Vyxmw==",
        "dependencies": {
          "Microsoft.TestPlatform.ObjectModel": "18.0.1",
          "Microsoft.Testing.Extensions.Telemetry": "2.1.0",
          "Microsoft.Testing.Extensions.TrxReport.Abstractions": "2.1.0",
          "Microsoft.Testing.Platform": "2.1.0"
        }
      },
      "Microsoft.Testing.Platform.MSBuild": {
        "type": "Transitive",
        "resolved": "2.1.0",
        "contentHash": "UpfPebXQtHGrWz21+YLHmJSm+5zsuPE9U9pfdCtoB+67g75fDmWlNgpkH2ZmdVhSwkjNIed9Icg8Iu63z2ei5Q==",
        "dependencies": {
          "Microsoft.Testing.Platform": "2.1.0"
        }
      },
      "Microsoft.TestPlatform.TestHost": {
        "type": "Transitive",
        "resolved": "18.8.1",
        "contentHash": "FaQHPDTUOcE+SFTjssNPfrub2lT9Zyon4J2W/KLHt/efLJACb1TCeWXyOgh0D/4Q1e4n+S3E6mOKud+9nLZlEA==",
        "dependencies": {
          "Microsoft.TestPlatform.ObjectModel": "18.8.1"
        }
      },
      "Microsoft.VisualStudio.Threading.Only": {
        "type": "Transitive",
        "resolved": "17.14.15",
        "contentHash": "NqONyw1RXyj9P3k5e1uU2k9kc1ptwuU5NJQzG+MPq7vQVHUzBY8HLuJf/N2Rw5H/myD96CVxziDxmjawPuzntw==",
        "dependencies": {
          "Microsoft.VisualStudio.Validation": "17.8.8"
        }
      },
      "Microsoft.VisualStudio.Validation": {
        "type": "Transitive",
        "resolved": "17.13.22",
        "contentHash": "fC20ITOxlUpGQ0ltAxITQbeFxwuB6OjLT3lByC4+/Gm46o/Mwv9hlIVrBhiUhnqdQzUUvr4EHkdiYe7WOSMLmw=="
      },
      "MSBuild.StructuredLogger": {
        "type": "Transitive",
        "resolved": "2.2.158",
        "contentHash": "A7hI65/MrDKdPpu4rsnqimDdAs42B05gpfOIyzWPJ+pqw6Q3p4r1I/AjWVe3joKGHIQSpL+0AX2tzLVVCaR0ug==",
        "dependencies": {
          "Microsoft.Build.Framework": "17.5.0",
          "Microsoft.Build.Utilities.Core": "17.5.0"
        }
      },
      "MsBuildPipeLogger.Server": {
        "type": "Transitive",
        "resolved": "1.1.6",
        "contentHash": "rls0hb7plSfVFCqScDxTqtGpIlMfoQEchqjmK/YtXDML11GU5jI+oCi9YsikGulJVUv/vLSY6Ktah0uXwv25EA==",
        "dependencies": {
          "Microsoft.Build": "15.3.409"
        }
      },
      "MSTest.Analyzers": {
        "type": "Transitive",
        "resolved": "4.1.0",
        "contentHash": "4ElL/aqomiUInr090VN4udqz46AuszXLrifHkLrgj0zb7na8eAoyUQt3BwDLTcGd1bSkmk3SfD02rZtKU+ZiqQ=="
      },
      "MSTest.TestAdapter": {
        "type": "Transitive",
        "resolved": "4.1.0",
        "contentHash": "bRW1Hftwq0XbcVExcAbj4YAfSZDRAziL0mygDkPBvaUe2nSsWFQIatze5lHVjPFJMvSFgWnItku4pguIy5FowQ==",
        "dependencies": {
          "MSTest.TestFramework": "4.1.0",
          "Microsoft.Testing.Extensions.VSTestBridge": "2.1.0",
          "Microsoft.Testing.Platform.MSBuild": "2.1.0"
        }
      },
      "Nerdbank.MessagePack": {
        "type": "Transitive",
        "resolved": "1.2.4",
        "contentHash": "9NKlDsKkOV5zQFkZZnQmssdV6npFNs0Of1Nz5mvAJA4uANxCge2TfXQ9nCYUet58bEWQ00a/aNHdjmcXEI7iuQ==",
        "dependencies": {
          "Microsoft.NET.StringTools": "18.4.0",
          "Microsoft.VisualStudio.Validation": "17.13.22",
          "PolyType": "1.3.1"
        }
      },
      "Nerdbank.Streams": {
        "type": "Transitive",
        "resolved": "2.13.16",
        "contentHash": "GjifQ5M4IpQWjGNNbIrsj8M/M7ESb2328OeoGeqxk5rOJiuaAJ5zFc6CyqB+5UWKr1KEGK23hKoxA+z1gooAKA==",
        "dependencies": {
          "Microsoft.VisualStudio.Threading.Only": "17.13.61",
          "Microsoft.VisualStudio.Validation": "17.8.8"
        }
      },
      "Newtonsoft.Json": {
        "type": "Transitive",
        "resolved": "13.0.3",
        "contentHash": "HrC5BXdl00IP9zeV+0Z848QWPAoCr9P3bDEZguI+gkLcBKAOxix/tLEAAHC+UvDNPv4a2d18lOReHMOagPa+zQ=="
      },
      "NuGet.Common": {
        "type": "Transitive",
        "resolved": "7.6.0",
        "contentHash": "uyXLqkbbZmkMvdHOR23l1EHW2hRmULtzoG3Ocj84VpGptnNfkODVboHGJfDfcn9Gi9oUNDs8/VjL4FZcST6zVg==",
        "dependencies": {
          "NuGet.Frameworks": "7.6.0"
        }
      },
      "NuGet.Configuration": {
        "type": "Transitive",
        "resolved": "7.6.0",
        "contentHash": "+bNj+YneC5CNg1vR+WZjLAakscJlsi0KhADZUgIJPn4pwh8/jeCUMC5ik5cpET/i+QOplDy7aJVTGkpdfrlPww==",
        "dependencies": {
          "NuGet.Common": "7.6.0",
          "System.Security.Cryptography.ProtectedData": "8.0.0"
        }
      },
      "NuGet.Packaging": {
        "type": "Transitive",
        "resolved": "7.6.0",
        "contentHash": "TDp+qHzRBy1zjwiJGCbfpdO0jMG5hH/bk7p1EABLKv9p5SIykDPGnbuYXm2iZO0QJ/H+hOI/vo5LfqM17Q+G0w==",
        "dependencies": {
          "Newtonsoft.Json": "13.0.3",
          "NuGet.Configuration": "7.6.0",
          "NuGet.Versioning": "7.6.0",
          "System.Security.Cryptography.Pkcs": "8.0.1"
        }
      },
      "NuGet.Versioning": {
        "type": "Transitive",
        "resolved": "7.6.0",
        "contentHash": "TpZxfOoQBQk/0r/2uc1A1qNYIKHkJGgOrWP+ax3nsNAUN/1BOQMDrgmGADogSA4hOXH1ZJiyeYg4Ca+vUW0sEg=="
      },
      "PolyType": {
        "type": "Transitive",
        "resolved": "1.3.1",
        "contentHash": "GFdJvsN/VczpP0GfdPIi0jDudGH2Emk3rcIJHdqwU2SL2zQm1xSl6OTYvQSUxvzHu3ClWo096ICdWXVkpifQUA=="
      },
      "Serilog.Formatting.Compact": {
        "type": "Transitive",
        "resolved": "1.1.0",
        "contentHash": "pNroKVjo+rDqlxNG5PXkRLpfSCuDOBY0ri6jp9PLe505ljqwhwZz8ospy2vWhQlFu5GkIesh3FcDs4n7sWZODA==",
        "dependencies": {
          "Serilog": "2.8.0"
        }
      },
      "Serilog.Sinks.Async": {
        "type": "Transitive",
        "resolved": "1.5.0",
        "contentHash": "csHYIqAwI4Gy9oAhXYRwxGrQEAtBg3Ep7WaCzsnA1cZuBZjVAU0n7hWaJhItjO7hbLHh/9gRVxALCUB4Dv+gZw==",
        "dependencies": {
          "Serilog": "2.9.0"
        }
      },
      "Serilog.Sinks.File": {
        "type": "Transitive",
        "resolved": "3.2.0",
        "contentHash": "VHbo68pMg5hwSWrzLEdZv5b/rYmIgHIRhd4d5rl8GnC5/a8Fr+RShT5kWyeJOXax1el6mNJ+dmHDOVgnNUQxaw==",
        "dependencies": {
          "Serilog": "2.3.0"
        }
      },
      "Serilog.Sinks.RollingFile": {
        "type": "Transitive",
        "resolved": "3.3.0",
        "contentHash": "2lT5X1r3GH4P0bRWJfhA7etGl8Q2Ipw9AACvtAHWRUSpYZ42NGVyHoVs2ALBZ/cAkkS+tA4jl80Zie144eLQPg==",
        "dependencies": {
          "Serilog.Sinks.File": "3.2.0"
        }
      },
      "Spectre.Console.Ansi": {
        "type": "Transitive",
        "resolved": "0.57.2",
        "contentHash": "Y1+u73shwP+JYHmrkdN6bSt2kaGBEAafhi2nrecczbXdFRey+k7J/WF9YPfcB0rqivv2S8fmif6FSBq9m/AFvw=="
      },
      "System.ClientModel": {
        "type": "Transitive",
        "resolved": "1.11.0",
        "contentHash": "1Wl32zh7TbvN+HAO8NqDuaN0Ao2Qu/0j0NJSrXGDtpUQsTXQYJ3C6hd9/Ds2IrgP4agMQYFoXB35GZfC21ByHw==",
        "dependencies": {
          "Microsoft.Extensions.Configuration.Abstractions": "10.0.3",
          "Microsoft.Extensions.Hosting.Abstractions": "10.0.3",
          "Microsoft.Extensions.Logging.Abstractions": "10.0.3",
          "System.Memory.Data": "10.0.3"
        }
      },
      "System.CodeDom": {
        "type": "Transitive",
        "resolved": "9.0.0",
        "contentHash": "oTE5IfuMoET8yaZP/vdvy9xO47guAv/rOhe4DODuFBN3ySprcQOlXqO3j+e/H/YpKKR5sglrxRaZ2HYOhNJrqA=="
      },
      "System.Configuration.ConfigurationManager": {
        "type": "Transitive",
        "resolved": "9.0.0",
        "contentHash": "PdkuMrwDhXoKFo/JxISIi9E8L+QGn9Iquj2OKDWHB6Y/HnUOuBouF7uS3R4Hw3FoNmwwMo6hWgazQdyHIIs27A==",
        "dependencies": {
          "System.Diagnostics.EventLog": "9.0.0",
          "System.Security.Cryptography.ProtectedData": "9.0.0"
        }
      },
      "System.Diagnostics.EventLog": {
        "type": "Transitive",
        "resolved": "9.0.0",
        "contentHash": "qd01+AqPhbAG14KtdtIqFk+cxHQFZ/oqRSCoxU1F+Q6Kv0cl726sl7RzU9yLFGd4BUOKdN4XojXF0pQf/R6YeA=="
      },
      "System.Formats.Nrbf": {
        "type": "Transitive",
        "resolved": "9.0.0",
        "contentHash": "F/6tNE+ckmdFeSQAyQo26bQOqfPFKEfZcuqnp4kBE6/7jP26diP+QTHCJJ6vpEfaY6bLy+hBLiIQUSxSmNwLkA=="
      },
      "System.IO.Hashing": {
        "type": "Transitive",
        "resolved": "10.0.3",
        "contentHash": "La6ICwsdTKhVX+LKN+pvFjQRR3LhLwq3uKdi2knjLzRyPYBSydF4cjXidYxIiTcDD6XVYdsBWQEI8ZxiZ/OdIg=="
      },
      "System.Management": {
        "type": "Transitive",
        "resolved": "6.0.1",
        "contentHash": "10J1D0h/lioojphfJ4Fuh5ZUThT/xOVHdV9roGBittKKNP2PMjrvibEdbVTGZcPra1399Ja3tqIJLyQrc5Wmhg==",
        "dependencies": {
          "System.CodeDom": "6.0.0"
        }
      },
      "System.Memory.Data": {
        "type": "Transitive",
        "resolved": "10.0.3",
        "contentHash": "MaGhRfGunmrj/nHjtsi9XkhlYJ/ERGWrbA+BiSKNtGnAjc9XlG5EhAvak6VRcX5LYzPF6pBO8nJ613dTgzabig=="
      },
      "System.Reflection.MetadataLoadContext": {
        "type": "Transitive",
        "resolved": "9.0.0",
        "contentHash": "nGdCUVhEQ9/CWYqgaibYEDwIJjokgIinQhCnpmtZfSXdMS6ysLZ8p9xvcJ8VPx6Xpv5OsLIUrho4B9FN+VV/tw=="
      },
      "System.Resources.Extensions": {
        "type": "Transitive",
        "resolved": "9.0.0",
        "contentHash": "tvhuT1D2OwPROdL1kRWtaTJliQo0WdyhvwDpd8RM997G7m3Hya5nhbYhNTS75x6Vu+ypSOgL5qxDCn8IROtCxw==",
        "dependencies": {
          "System.Formats.Nrbf": "9.0.0"
        }
      },
      "System.Security.Cryptography.Pkcs": {
        "type": "Transitive",
        "resolved": "9.0.0",
        "contentHash": "8tluJF8w9si+2yoHeL8rgVJS6lKvWomTDC8px65Z8MCzzdME5eaPtEQf4OfVGrAxB5fW93ncucy1+221O9EQaw=="
      },
      "System.Security.Cryptography.ProtectedData": {
        "type": "Transitive",
        "resolved": "9.0.0",
        "contentHash": "CJW+x/F6fmRQ7N6K8paasTw9PDZp4t7G76UjGNlSDgoHPF0h08vTzLYbLZpOLEJSg35d5wy2jCXGo84EN05DpQ=="
      },
      "System.Security.Cryptography.Xml": {
        "type": "Transitive",
        "resolved": "9.0.0",
        "contentHash": "GQZn5wFd+pyOfwWaCbqxG7trQ5ox01oR8kYgWflgtux4HiUNihGEgG2TktRWyH+9bw7NoEju1D41H/upwQeFQw==",
        "dependencies": {
          "System.Security.Cryptography.Pkcs": "9.0.0"
        }
      },
      "Testably.Abstractions.FileSystem.Interface": {
        "type": "Transitive",
        "resolved": "10.3.0",
        "contentHash": "5ebMaoADkzjfW7GnZYKaUebV8XmUn++C/4sKk1PTzCiddEgbSKBq3pW4EWEi70rYJAK0gA1yDWrYFeHq18FvHQ=="
      },
      "dotnet-stryker": {
        "type": "Project",
        "dependencies": {
          "McMaster.Extensions.CommandLineUtils": "[5.1.0, )",
          "Microsoft.Extensions.DependencyInjection": "[10.0.10, )",
          "NuGet.Protocol": "[7.6.0, )",
          "YamlDotNet": "[18.1.0, )",
          "stryker": "[4.16.0, )"
        }
      },
      "stryker": {
        "type": "Project",
        "dependencies": {
          "AWSSDK.S3": "[4.0.101.2, )",
          "Azure.Storage.Files.Shares": "[12.27.1, )",
          "Buildalyzer": "[9.0.0, )",
          "DiffMatchPatch": "[5.0.0, )",
          "DotNet.Glob": "[3.1.3, )",
          "Grynwald.MarkdownGenerator": "[3.0.106, )",
          "LibGit2Sharp": "[0.31.0, )",
          "Microsoft.CodeAnalysis.CSharp": "[5.6.0, )",
          "Microsoft.CodeAnalysis.Common": "[5.6.0, )",
          "Microsoft.Extensions.DependencyInjection": "[10.0.10, )",
          "Microsoft.Extensions.Logging": "[10.0.10, )",
          "Microsoft.TestPlatform": "[18.8.1, )",
          "Microsoft.TestPlatform.ObjectModel": "[18.8.1, )",
          "Microsoft.TestPlatform.Portable": "[18.8.1, )",
          "Microsoft.TestPlatform.TranslationLayer": "[18.8.1, )",
          "Microsoft.Web.LibraryManager.Build": "[3.0.114, )",
          "Mono.Cecil": "[0.11.6, )",
          "NuGet.Frameworks": "[7.6.0, )",
          "Serilog": "[4.4.0, )",
          "Serilog.Extensions.Logging": "[10.0.0, )",
          "Serilog.Extensions.Logging.File": "[3.0.0, )",
          "Serilog.Sinks.Console": "[6.1.1, )",
          "ShellProgressBar": "[5.2.0, )",
          "Spectre.Console": "[0.57.2, )",
          "Stryker.Abstractions": "[4.16.0, )",
          "Stryker.Configuration": "[4.16.0, )",
          "Stryker.Regex.Parser": "[1.0.0, )",
          "Stryker.RegexMutators": "[4.16.0, )",
          "Stryker.Solutions": "[4.16.0, )",
          "Stryker.TestRunner.MicrosoftTestPlatform": "[4.16.0, )",
          "Stryker.TestRunner.VsTest": "[4.16.0, )",
          "Stryker.Utilities": "[4.16.0, )",
          "TestableIO.System.IO.Abstractions.Wrappers": "[22.2.0, )"
        }
      },
      "stryker.abstractions": {
        "type": "Project",
        "dependencies": {
          "Buildalyzer": "[9.0.0, )",
          "DotNet.Glob": "[3.1.3, )",
          "Microsoft.CodeAnalysis.CSharp": "[5.6.0, )",
          "Microsoft.CodeAnalysis.Common": "[5.6.0, )",
          "Microsoft.TestPlatform.ObjectModel": "[18.8.1, )",
          "Serilog": "[4.4.0, )",
          "TestableIO.System.IO.Abstractions.Wrappers": "[22.2.0, )"
        }
      },
      "stryker.configuration": {
        "type": "Project",
        "dependencies": {
          "DotNet.Glob": "[3.1.3, )",
          "Microsoft.CodeAnalysis.CSharp": "[5.6.0, )",
          "Microsoft.CodeAnalysis.Common": "[5.6.0, )",
          "Serilog": "[4.4.0, )",
          "Stryker.Abstractions": "[4.16.0, )",
          "Stryker.Utilities": "[4.16.0, )"
        }
      },
      "stryker.datacollector": {
        "type": "Project",
        "dependencies": {
          "Microsoft.TestPlatform.ObjectModel": "[18.8.1, )",
          "Microsoft.TestPlatform.Portable": "[18.8.1, )"
        }
      },
      "stryker.regexmutators": {
        "type": "Project",
        "dependencies": {
          "Stryker.Regex.Parser": "[1.0.0, )"
        }
      },
      "stryker.solutions": {
        "type": "Project",
        "dependencies": {
          "Microsoft.VisualStudio.SolutionPersistence": "[1.0.52, )"
        }
      },
      "stryker.testrunner": {
        "type": "Project",
        "dependencies": {
          "Microsoft.TestPlatform.ObjectModel": "[18.8.1, )",
          "Stryker.Abstractions": "[4.16.0, )"
        }
      },
      "stryker.testrunner.microsofttestplatform": {
        "type": "Project",
        "dependencies": {
          "CliWrap": "[3.10.2, )",
          "Microsoft.Testing.Platform": "[1.5.2, )",
          "StreamJsonRpc": "[2.25.29, )",
          "Stryker.TestRunner": "[4.16.0, )",
          "Stryker.Utilities": "[4.16.0, )"
        }
      },
      "stryker.testrunner.vstest": {
        "type": "Project",
        "dependencies": {
          "Microsoft.Extensions.Logging.Abstractions": "[10.0.10, )",
          "Microsoft.TestPlatform": "[18.8.1, )",
          "Microsoft.TestPlatform.ObjectModel": "[18.8.1, )",
          "Microsoft.TestPlatform.Portable": "[18.8.1, )",
          "Microsoft.TestPlatform.TranslationLayer": "[18.8.1, )",
          "Stryker.Abstractions": "[4.16.0, )",
          "Stryker.DataCollector": "[4.16.0, )",
          "Stryker.TestRunner": "[4.16.0, )",
          "Stryker.Utilities": "[4.16.0, )",
          "TestableIO.System.IO.Abstractions.Wrappers": "[22.2.0, )"
        }
      },
      "stryker.utilities": {
        "type": "Project",
        "dependencies": {
          "Buildalyzer": "[9.0.0, )",
          "Microsoft.CodeAnalysis.CSharp": "[5.6.0, )",
          "Microsoft.CodeAnalysis.Common": "[5.6.0, )",
          "Microsoft.Extensions.Logging.Abstractions": "[10.0.10, )",
          "Mono.Cecil": "[0.11.6, )",
          "ResXResourceReader.NetStandard": "[1.3.0, )",
          "Stryker.Abstractions": "[4.16.0, )"
        }
      },
      "AWSSDK.S3": {
        "type": "CentralTransitive",
        "requested": "[4.0.101.2, )",
        "resolved": "4.0.101.2",
        "contentHash": "kYd4oTKCNUE1JGTCyrdUFDKZYiKgLLzgoJB9KdgPGfrPP+KjUFA2IOI03N+4C5Ihv9YKKCgsUArYQnaWw2HJjQ==",
        "dependencies": {
          "AWSSDK.Core": "[4.0.100.5, 5.0.0)"
        }
      },
      "Azure.Storage.Files.Shares": {
        "type": "CentralTransitive",
        "requested": "[12.27.1, )",
        "resolved": "12.27.1",
        "contentHash": "JMcZ8i0JbL0gJI7OpLt/RprxmcblH/3zxndTv8onUEV7slQMFg0M3f0KVNLwILEcCUI2qZZS6s9TbHpr4rZWEQ==",
        "dependencies": {
          "Azure.Core": "1.55.0",
          "Azure.Storage.Common": "12.28.0"
        }
      },
      "Buildalyzer": {
        "type": "CentralTransitive",
        "requested": "[9.0.0, )",
        "resolved": "9.0.0",
        "contentHash": "ckfw+JA7qVrCT84VGcW1hZdTfSA0vTFByeaZ7qvK6XSWIooElKrA6j4ATVn0xIxTpf56WHcvYQ/caatPQUgRsg==",
        "dependencies": {
          "Buildalyzer.Logger": "9.0.0",
          "MSBuild.StructuredLogger": "2.2.158",
          "Microsoft.Build": "17.14.28",
          "Microsoft.Build.Tasks.Core": "17.14.28",
          "Microsoft.CodeAnalysis.CSharp": "4.0.0",
          "Microsoft.CodeAnalysis.VisualBasic": "4.0.0",
          "Microsoft.Extensions.Logging": "6.0.0",
          "Microsoft.VisualStudio.SolutionPersistence": "1.0.52",
          "MsBuildPipeLogger.Server": "1.1.6",
          "NuGet.Frameworks": "6.9.1"
        }
      },
      "CliWrap": {
        "type": "CentralTransitive",
        "requested": "[3.10.2, )",
        "resolved": "3.10.2",
        "contentHash": "oW63Lh5Tr2dVRnGSn5UyV2ITAYTdyaGB8r4pGMcz7CwfzketV7ANyn2LvNJtOjXjL/tJbG0qDH8Xwgt3jgGMNg=="
      },
      "DiffMatchPatch": {
        "type": "CentralTransitive",
        "requested": "[5.0.0, )",
        "resolved": "5.0.0",
        "contentHash": "2hcler8ntCHsckBIzyrrJeCAMxdtv8eiugaKjCCQOz4xQwfA0dODaWJ5o+O36hVYO+oitBwoQj05ExQWwA2jdw=="
      },
      "DotNet.Glob": {
        "type": "CentralTransitive",
        "requested": "[3.1.3, )",
        "resolved": "3.1.3",
        "contentHash": "hOfHw7MLJw/tbXaFwR1oiDb+dIXDp8URTxp5Pco42OOhiw77wrUNx6v6syNygHZbWwYdXQocL2Mo1l5FnfDVjg=="
      },
      "Grynwald.MarkdownGenerator": {
        "type": "CentralTransitive",
        "requested": "[3.0.106, )",
        "resolved": "3.0.106",
        "contentHash": "rwpMqWHIrgnFdwpSE9HtDvBUjxqX+nNC0qsWtrQvJm6F8Jv/j6Id5eCuLVLWcGozPD6zkrIO94EMlc4zeCinLA=="
      },
      "LibGit2Sharp": {
        "type": "CentralTransitive",
        "requested": "[0.31.0, )",
        "resolved": "0.31.0",
        "contentHash": "b3+UfV7LjKMjAHWwl7VawejiOv2gJIC6dTCA/S0puLTHACAA/Oeb5JJmWUQMeyH/T/WR/LaIK8bk2RbdFnrZvg==",
        "dependencies": {
          "LibGit2Sharp.NativeBinaries": "[2.0.323]"
        }
      },
      "McMaster.Extensions.CommandLineUtils": {
        "type": "CentralTransitive",
        "requested": "[5.1.0, )",
        "resolved": "5.1.0",
        "contentHash": "YceiKmxdsBrlkAJpmJ2N8XkLyAH01xLsm4VLfjNp5MvtAom2wflZtEBz3CLMQret6Z7jSh3oBO1ULF1Is0tNxA=="
      },
      "Microsoft.CodeAnalysis.Common": {
        "type": "CentralTransitive",
        "requested": "[5.6.0, )",
        "resolved": "5.6.0",
        "contentHash": "eWYNB5e92PSdkQ0xcmy2aLtrvBXNydnVi0Hj/VjaAely6XBqA3By+ClGAJaj4d16pzQmrXPLLK9RDVuS1Ec9xQ==",
        "dependencies": {
          "Microsoft.CodeAnalysis.Analyzers": "5.3.0"
        }
      },
      "Microsoft.CodeAnalysis.CSharp": {
        "type": "CentralTransitive",
        "requested": "[5.6.0, )",
        "resolved": "5.6.0",
        "contentHash": "r1DrKQ/L0xTw03wJrLr36AMQNslyaeEKBFyFmQcOKa8HX3YvmhY//JEUafb6IR/m0gmaUVCfBTWitKJRNb7YAA==",
        "dependencies": {
          "Microsoft.CodeAnalysis.Analyzers": "5.3.0",
          "Microsoft.CodeAnalysis.Common": "[5.6.0]"
        }
      },
      "Microsoft.CodeAnalysis.VisualBasic": {
        "type": "CentralTransitive",
        "requested": "[5.6.0, )",
        "resolved": "4.0.0",
        "contentHash": "FK+OGUMUh9O6/GCwyIy4c/sOrarF36/yEY07BbXVYMql1qCqHGWfyWXyCQKQ6m/KqReCqW6aO4cK7kK/AYBpyA==",
        "dependencies": {
          "Microsoft.CodeAnalysis.Common": "[4.0.0]"
        }
      },
      "Microsoft.Extensions.DependencyInjection": {
        "type": "CentralTransitive",
        "requested": "[10.0.10, )",
        "resolved": "10.0.10",
        "contentHash": "ANyvsgkNBRvcJh2XLgn8veGmajf+8m0AbKK+HPWdRL1yraSNVVSmQhFntLtdz/C795jxqqup+k05cs/3jZQPOA==",
        "dependencies": {
          "Microsoft.Extensions.DependencyInjection.Abstractions": "10.0.10"
        }
      },
      "Microsoft.Extensions.Logging": {
        "type": "CentralTransitive",
        "requested": "[10.0.10, )",
        "resolved": "10.0.10",
        "contentHash": "Tf6z5HsL0VDYRTfvsoNrTGHGheCwkTsZBA2FFh5ATJUbkAwug+FFNISJK2gjpUNemlAOoWllAK52HOWCjto3EQ==",
        "dependencies": {
          "Microsoft.Extensions.DependencyInjection": "10.0.10",
          "Microsoft.Extensions.Logging.Abstractions": "10.0.10",
          "Microsoft.Extensions.Options": "10.0.10"
        }
      },
      "Microsoft.Extensions.Logging.Abstractions": {
        "type": "CentralTransitive",
        "requested": "[10.0.10, )",
        "resolved": "10.0.10",
        "contentHash": "zkFxGYUvdxAvIKTyXHrmW+Sux53D4SezD9dMyZ6hrwwzPQJNuwCRy1f5W7AvYTqacEGhWF2XderRQG1OvbV8og==",
        "dependencies": {
          "Microsoft.Extensions.DependencyInjection.Abstractions": "10.0.10"
        }
      },
      "Microsoft.Testing.Platform": {
        "type": "CentralTransitive",
        "requested": "[1.5.2, )",
        "resolved": "2.1.0",
        "contentHash": "aHkjNTGIA+Zbdw6RJgSFrbDrCjO0CgqpElqYcvkRSeUhBv2bKarnvU3ep786U7UqrPlArT/B7VmImRibJD0Zrg=="
      },
      "Microsoft.TestPlatform": {
        "type": "CentralTransitive",
        "requested": "[18.8.1, )",
        "resolved": "18.8.1",
        "contentHash": "xS6gtYqSHDWkbT7OOrv40KWp+CGhz0lplNejV347Cd3CxmiKFXV76rqvAYeIhDZEdkbqRl9lXeT6vPxxW+CECA=="
      },
      "Microsoft.TestPlatform.ObjectModel": {
        "type": "CentralTransitive",
        "requested": "[18.8.1, )",
        "resolved": "18.8.1",
        "contentHash": "qLbktNB1+b1XZLNJBTzaWVVJAd6PEzD7cgD406geMb6PcFZhp3EDNa1tctWx1+mtMU6MP/6ozVvFPC9vs2a9rw=="
      },
      "Microsoft.TestPlatform.Portable": {
        "type": "CentralTransitive",
        "requested": "[18.8.1, )",
        "resolved": "18.8.1",
        "contentHash": "3UzxQYNb57KLcXwwJGwGsCBZ/4FlHRHKajEK/Fkz+MYUw5NqpubaHZLup6HiQTFYa0UH47J0E4CSiibPtXUYPA=="
      },
      "Microsoft.TestPlatform.TranslationLayer": {
        "type": "CentralTransitive",
        "requested": "[18.8.1, )",
        "resolved": "18.8.1",
        "contentHash": "iQKp3rEZM6efgO+VB2LoZAGHTEYzlmD9UtXHIikVPzubHGBNNdAlCVDxYzdS73m7+6ndmErfZpjTpUHSfyW/VA==",
        "dependencies": {
          "Microsoft.TestPlatform.ObjectModel": "18.8.1"
        }
      },
      "Microsoft.VisualStudio.SolutionPersistence": {
        "type": "CentralTransitive",
        "requested": "[1.0.52, )",
        "resolved": "1.0.52",
        "contentHash": "oNv2JtYXhpdJrX63nibx1JT3uCESOBQ1LAk7Dtz/sr0+laW0KRM6eKp4CZ3MHDR2siIkKsY8MmUkeP5DKkQQ5w=="
      },
      "Microsoft.Web.LibraryManager.Build": {
        "type": "CentralTransitive",
        "requested": "[3.0.114, )",
        "resolved": "3.0.114",
        "contentHash": "9E7B1ixZR2to7ZTPZKIcTfQwGKuBu11F7tFykmi2X+icjTy6bJY9N/LLJ9tAW7PhaAmgM15o3t7P9aBg0kbUxw=="
      },
      "Mono.Cecil": {
        "type": "CentralTransitive",
        "requested": "[0.11.6, )",
        "resolved": "0.11.6",
        "contentHash": "f33RkDtZO8VlGXCtmQIviOtxgnUdym9xx/b1p9h91CRGOsJFxCFOFK1FDbVt1OCf1aWwYejUFa2MOQyFWTFjbA=="
      },
      "MSTest.TestFramework": {
        "type": "CentralTransitive",
        "requested": "[4.1.0, )",
        "resolved": "4.1.0",
        "contentHash": "BzpvsK+CRbk6khwY62h+7HfYzIxtJXyPv9tOI9T90cy5CVy+WI1JkN4ZaNL4Dobqb6dywSwabLTIbPZKpdrr+A==",
        "dependencies": {
          "MSTest.Analyzers": "4.1.0"
        }
      },
      "NuGet.Frameworks": {
        "type": "CentralTransitive",
        "requested": "[7.6.0, )",
        "resolved": "7.6.0",
        "contentHash": "rJ7QtKN45XzLXCrMATve6eFLiUyUGEkA1rFSb6U6Fw6laM4hEAcKOrcdbgWlcFUlCK2158qP1LF00hg/ivF3nw=="
      },
      "NuGet.Protocol": {
        "type": "CentralTransitive",
        "requested": "[7.6.0, )",
        "resolved": "7.6.0",
        "contentHash": "Ccb9dJG9hW0FdHFjXoHmhJBBJRYSCeSJArLdZjyZj6/FEAIKezLn75KFQNrTPE5UiAp4HVrjBizufZ/0IXhfKQ==",
        "dependencies": {
          "NuGet.Packaging": "7.6.0"
        }
      },
      "ResXResourceReader.NetStandard": {
        "type": "CentralTransitive",
        "requested": "[1.3.0, )",
        "resolved": "1.3.0",
        "contentHash": "voW0VHwFGIvbJ4Pp/wfHKFGn9kxZD97H/mnD6LziBJCi4FJZtetYQpQQnpYp0IkL2+PQ6VOzkMvhK1+s7+NJnA=="
      },
      "Serilog": {
        "type": "CentralTransitive",
        "requested": "[4.4.0, )",
        "resolved": "4.4.0",
        "contentHash": "ZC6Le3rr4TVJJjS4KsQAesxeF1EhW9qcZmmG7eP5Y2G3+gTGkJEUXkq4+tZNPtyp05I0wWOxnIjwtxFweJsObw=="
      },
      "Serilog.Extensions.Logging": {
        "type": "CentralTransitive",
        "requested": "[10.0.0, )",
        "resolved": "10.0.0",
        "contentHash": "vx0kABKl2dWbBhhqAfTOk53/i8aV/5VaT3a6il9gn72Wqs2pM7EK2OB6No6xdqK2IaY6Zf9gdjLuK9BVa2rT+Q==",
        "dependencies": {
          "Microsoft.Extensions.Logging": "10.0.0",
          "Serilog": "4.2.0"
        }
      },
      "Serilog.Extensions.Logging.File": {
        "type": "CentralTransitive",
        "requested": "[3.0.0, )",
        "resolved": "3.0.0",
        "contentHash": "bUYjMHn7NhpK+/8HDftG7+G5hpWzD49XTSvLoUFZGgappDa6FoseqFOsLrjLRjwe1zM+igH5mySFJv3ntb+qcg==",
        "dependencies": {
          "Microsoft.Extensions.Configuration.Abstractions": "6.0.0",
          "Microsoft.Extensions.Configuration.Binder": "6.0.0",
          "Serilog": "2.10.0",
          "Serilog.Extensions.Logging": "3.1.0",
          "Serilog.Formatting.Compact": "1.1.0",
          "Serilog.Sinks.Async": "1.5.0",
          "Serilog.Sinks.RollingFile": "3.3.0"
        }
      },
      "Serilog.Sinks.Console": {
        "type": "CentralTransitive",
        "requested": "[6.1.1, )",
        "resolved": "6.1.1",
        "contentHash": "8jbqgjUyZlfCuSTaJk6lOca465OndqOz3KZP6Cryt/IqZYybyBu7GP0fE/AXBzrrQB3EBmQntBFAvMVz1COvAA==",
        "dependencies": {
          "Serilog": "4.0.0"
        }
      },
      "ShellProgressBar": {
        "type": "CentralTransitive",
        "requested": "[5.2.0, )",
        "resolved": "5.2.0",
        "contentHash": "XwR9OG00J837mtAXlHIeaJX93di6ZqPUwQLRXTLxyjDiAsytuZDKWELjeDXpWTQCzKsq+oZVhIeK8SN3ubYTwg=="
      },
      "Spectre.Console": {
        "type": "CentralTransitive",
        "requested": "[0.57.2, )",
        "resolved": "0.57.2",
        "contentHash": "wzsB+P9i6F9G+cFOJxRotCiQWNSzZVAMxi8YMiHlGXXU1JLMXGp7zSSqBMmROZS2bzpK5jk+Saa7Evp8HwqhKg==",
        "dependencies": {
          "Spectre.Console.Ansi": "0.57.2"
        }
      },
      "StreamJsonRpc": {
        "type": "CentralTransitive",
        "requested": "[2.25.29, )",
        "resolved": "2.25.29",
        "contentHash": "ebP0ScWRtbd1EWayLRJ6bjM7aPwYZoJIIU1DApmn/cYl2dydR9f4p6Mj3eY77qzAywy6IbZWB9sJPSWeO5hmrg==",
        "dependencies": {
          "MessagePack": "2.5.302",
          "Microsoft.VisualStudio.Threading.Only": "17.14.15",
          "Microsoft.VisualStudio.Validation": "17.13.22",
          "Nerdbank.MessagePack": "1.2.4",
          "Nerdbank.Streams": "2.13.16",
          "Newtonsoft.Json": "13.0.3"
        }
      },
      "Stryker.Regex.Parser": {
        "type": "CentralTransitive",
        "requested": "[1.0.0, )",
        "resolved": "1.0.0",
        "contentHash": "39OYYkvF2KlMbhxLBM+GTJEzPLu0HfN1v4AOApDFt3+ivd5F8HXwV5yp2A2+i7a7F5Tv2zr/7faCIqZj9c7x4g=="
      },
      "TestableIO.System.IO.Abstractions.Wrappers": {
        "type": "CentralTransitive",
        "requested": "[22.2.0, )",
        "resolved": "22.2.0",
        "contentHash": "0GW9i46ozm687WGAWsBHWMhLR7l1HmKwhiSU2hQrbFnI5m2YRfqXwqTQNjnOwT8BdbvcGqwMr97/zlnPWa1u1Q==",
        "dependencies": {
          "Testably.Abstractions.FileSystem.Interface": "10.3.0"
        }
      },
      "YamlDotNet": {
        "type": "CentralTransitive",
        "requested": "[18.1.0, )",
        "resolved": "18.1.0",
        "contentHash": "5K+9KFg2TdTl7VXv88Qzi/0lqK6JFoNP3lRuImPYGRV7K/QYklDyTrj4+A+KAki1JsQi6qKY+hDyY7d6WRqjrw=="
      }
    }
  }
}