
Microsoft Visual Studio Solution File, Format Version 12.00
# Visual Studio Version 17
VisualStudioVersion = 17.0.31903.59
MinimumVisualStudioVersion = 10.0.40219.1
Project("{9A19103F-16F7-4668-BE54-9A1E7A4F7556}") = "Stryker.CLI", "Stryker.CLI\Stryker.CLI\Stryker.CLI.csproj", "{7B35D5F5-F983-4034-8A15-952E8C415010}"
EndProject
Project("{9A19103F-16F7-4668-BE54-9A1E7A4F7556}") = "Stryker.CLI.UnitTest", "Stryker.CLI\Stryker.CLI.UnitTest\Stryker.CLI.UnitTest.csproj", "{1776E249-31B3-4357-94C8-13B86BEFD662}"
EndProject
Project("{9A19103F-16F7-4668-BE54-9A1E7A4F7556}") = "Stryker.Core", "Stryker.Core\Stryker.Core\Stryker.Core.csproj", "{FC692334-8360-4A94-8692-5768ADC5DD04}"
EndProject
Project("{9A19103F-16F7-4668-BE54-9A1E7A4F7556}") = "Stryker.Core.UnitTest", "Stryker.Core\Stryker.Core.UnitTest\Stryker.Core.UnitTest.csproj", "{DBF2BA4B-39BE-48BF-B220-9891608B014F}"
EndProject
Project("{9A19103F-16F7-4668-BE54-9A1E7A4F7556}") = "Stryker.DataCollector", "Stryker.DataCollector\Stryker.DataCollector\Stryker.DataCollector.csproj", "{C5C14231-5DA6-4E3C-802C-6D76C0222FE4}"
EndProject
Project("{9A19103F-16F7-4668-BE54-9A1E7A4F7556}") = "Stryker.RegexMutators", "Stryker.RegexMutators\Stryker.RegexMutators\Stryker.RegexMutators.csproj", "{4E6E67F9-1890-4A6A-885B-CD6D55B2FC49}"
EndProject
Project("{9A19103F-16F7-4668-BE54-9A1E7A4F7556}") = "Stryker.RegexMutators.UnitTest", "Stryker.RegexMutators\Stryker.RegexMutators.UnitTest\Stryker.RegexMutators.UnitTest.csproj", "{7C8C7670-4636-4C56-9E3E-22B987337EF2}"
EndProject
Project("{2150E333-8FDC-42A3-9474-1A3956D46DE8}") = "Solution Items", "Solution Items", "{68DC3E8E-7CC2-4953-BAFC-08EFBF9F3307}"
	ProjectSection(SolutionItems) = preProject
		..\.editorconfig = ..\.editorconfig
		..\azure-pipelines.yml = ..\azure-pipelines.yml
		Directory.Build.props = Directory.Build.props
		Directory.Build.targets = Directory.Build.targets
		Directory.Packages.props = Directory.Packages.props
		..\README.md = ..\README.md
	EndProjectSection
EndProject
Project("{2150E333-8FDC-42A3-9474-1A3956D46DE8}") = "pipeline-templates", "pipeline-templates", "{A9BCC324-3DF8-493A-9792-A15C9797AD11}"
	ProjectSection(SolutionItems) = preProject
		..\pipeline-templates\populate-cache-steps.yml = ..\pipeline-templates\populate-cache-steps.yml
		..\pipeline-templates\prepare-integration-test-steps.yml = ..\pipeline-templates\prepare-integration-test-steps.yml
		..\pipeline-templates\run-integration-test-steps.yml = ..\pipeline-templates\run-integration-test-steps.yml
		..\pipeline-templates\update-package-lock-files-stage.yml = ..\pipeline-templates\update-package-lock-files-stage.yml
	EndProjectSection
EndProject
Project("{9A19103F-16F7-4668-BE54-9A1E7A4F7556}") = "Stryker.TestRunner.VSTest", "Stryker.TestRunner.VSTest\Stryker.TestRunner.VSTest.csproj", "{7C3778C1-A5CD-42FB-B6B6-4330717CBFDF}"
EndProject
Project("{9A19103F-16F7-4668-BE54-9A1E7A4F7556}") = "Stryker.Shared", "Stryker.Shared\Stryker.Shared.csproj", "{3B666DDB-8995-4A9C-9361-E3B5F78D5F32}"
EndProject
Global
	GlobalSection(SolutionConfigurationPlatforms) = preSolution
		Debug|Any CPU = Debug|Any CPU
		Release|Any CPU = Release|Any CPU
	EndGlobalSection
	GlobalSection(ProjectConfigurationPlatforms) = postSolution
		{7B35D5F5-F983-4034-8A15-952E8C415010}.Debug|Any CPU.ActiveCfg = Debug|Any CPU
		{7B35D5F5-F983-4034-8A15-952E8C415010}.Debug|Any CPU.Build.0 = Debug|Any CPU
		{7B35D5F5-F983-4034-8A15-952E8C415010}.Release|Any CPU.ActiveCfg = Release|Any CPU
		{7B35D5F5-F983-4034-8A15-952E8C415010}.Release|Any CPU.Build.0 = Release|Any CPU
		{1776E249-31B3-4357-94C8-13B86BEFD662}.Debug|Any CPU.ActiveCfg = Debug|Any CPU
		{1776E249-31B3-4357-94C8-13B86BEFD662}.Debug|Any CPU.Build.0 = Debug|Any CPU
		{1776E249-31B3-4357-94C8-13B86BEFD662}.Release|Any CPU.ActiveCfg = Release|Any CPU
		{1776E249-31B3-4357-94C8-13B86BEFD662}.Release|Any CPU.Build.0 = Release|Any CPU
		{FC692334-8360-4A94-8692-5768ADC5DD04}.Debug|Any CPU.ActiveCfg = Debug|Any CPU
		{FC692334-8360-4A94-8692-5768ADC5DD04}.Debug|Any CPU.Build.0 = Debug|Any CPU
		{FC692334-8360-4A94-8692-5768ADC5DD04}.Release|Any CPU.ActiveCfg = Release|Any CPU
		{FC692334-8360-4A94-8692-5768ADC5DD04}.Release|Any CPU.Build.0 = Release|Any CPU
		{DBF2BA4B-39BE-48BF-B220-9891608B014F}.Debug|Any CPU.ActiveCfg = Debug|Any CPU
		{DBF2BA4B-39BE-48BF-B220-9891608B014F}.Debug|Any CPU.Build.0 = Debug|Any CPU
		{DBF2BA4B-39BE-48BF-B220-9891608B014F}.Release|Any CPU.ActiveCfg = Release|Any CPU
		{DBF2BA4B-39BE-48BF-B220-9891608B014F}.Release|Any CPU.Build.0 = Release|Any CPU
		{C5C14231-5DA6-4E3C-802C-6D76C0222FE4}.Debug|Any CPU.ActiveCfg = Debug|Any CPU
		{C5C14231-5DA6-4E3C-802C-6D76C0222FE4}.Debug|Any CPU.Build.0 = Debug|Any CPU
		{C5C14231-5DA6-4E3C-802C-6D76C0222FE4}.Release|Any CPU.ActiveCfg = Release|Any CPU
		{C5C14231-5DA6-4E3C-802C-6D76C0222FE4}.Release|Any CPU.Build.0 = Release|Any CPU
		{4E6E67F9-1890-4A6A-885B-CD6D55B2FC49}.Debug|Any CPU.ActiveCfg = Debug|Any CPU
		{4E6E67F9-1890-4A6A-885B-CD6D55B2FC49}.Debug|Any CPU.Build.0 = Debug|Any CPU
		{4E6E67F9-1890-4A6A-885B-CD6D55B2FC49}.Release|Any CPU.ActiveCfg = Release|Any CPU
		{4E6E67F9-1890-4A6A-885B-CD6D55B2FC49}.Release|Any CPU.Build.0 = Release|Any CPU
		{7C8C7670-4636-4C56-9E3E-22B987337EF2}.Debug|Any CPU.ActiveCfg = Debug|Any CPU
		{7C8C7670-4636-4C56-9E3E-22B987337EF2}.Debug|Any CPU.Build.0 = Debug|Any CPU
		{7C8C7670-4636-4C56-9E3E-22B987337EF2}.Release|Any CPU.ActiveCfg = Release|Any CPU
		{7C8C7670-4636-4C56-9E3E-22B987337EF2}.Release|Any CPU.Build.0 = Release|Any CPU
		{7C3778C1-A5CD-42FB-B6B6-4330717CBFDF}.Debug|Any CPU.ActiveCfg = Debug|Any CPU
		{7C3778C1-A5CD-42FB-B6B6-4330717CBFDF}.Debug|Any CPU.Build.0 = Debug|Any CPU
		{7C3778C1-A5CD-42FB-B6B6-4330717CBFDF}.Release|Any CPU.ActiveCfg = Release|Any CPU
		{7C3778C1-A5CD-42FB-B6B6-4330717CBFDF}.Release|Any CPU.Build.0 = Release|Any CPU
		{3B666DDB-8995-4A9C-9361-E3B5F78D5F32}.Debug|Any CPU.ActiveCfg = Debug|Any CPU
		{3B666DDB-8995-4A9C-9361-E3B5F78D5F32}.Debug|Any CPU.Build.0 = Debug|Any CPU
		{3B666DDB-8995-4A9C-9361-E3B5F78D5F32}.Release|Any CPU.ActiveCfg = Release|Any CPU
		{3B666DDB-8995-4A9C-9361-E3B5F78D5F32}.Release|Any CPU.Build.0 = Release|Any CPU
	EndGlobalSection
	GlobalSection(SolutionProperties) = preSolution
		HideSolutionNode = FALSE
	EndGlobalSection
	GlobalSection(NestedProjects) = preSolution
		{A9BCC324-3DF8-493A-9792-A15C9797AD11} = {68DC3E8E-7CC2-4953-BAFC-08EFBF9F3307}
	EndGlobalSection
	GlobalSection(ExtensibilityGlobals) = postSolution
		SolutionGuid = {41C3DC7A-5A90-418D-AC69-6B5A34E6A7AC}
	EndGlobalSection
EndGlobal
