
Microsoft Visual Studio Solution File, Format Version 12.00
# Visual Studio 15
VisualStudioVersion = 15.0.27703.2035
MinimumVisualStudioVersion = 10.0.40219.1
Project("{9A19103F-16F7-4668-BE54-9A1E7A4F7556}") = "Stryker.Core.IntegrationTest", "Stryker.Core.IntegrationTest\Stryker.Core.IntegrationTest.csproj", "{B8E0FFFD-FEB8-4E4D-B531-18004281CA32}"
EndProject
Project("{9A19103F-16F7-4668-BE54-9A1E7A4F7556}") = "Stryker.CLI", "..\..\src\Stryker.CLI\Stryker.CLI\Stryker.CLI.csproj", "{FFF6BCDB-0E13-448D-A536-57039E6651E1}"
EndProject
Project("{9A19103F-16F7-4668-BE54-9A1E7A4F7556}") = "Stryker.Core", "..\..\src\Stryker.Core\Stryker.Core\Stryker.Core.csproj", "{CD2FA3F3-993D-4BD3-9893-642BCE77B010}"
EndProject
Global
	GlobalSection(SolutionConfigurationPlatforms) = preSolution
		Debug|Any CPU = Debug|Any CPU
		Release|Any CPU = Release|Any CPU
	EndGlobalSection
	GlobalSection(ProjectConfigurationPlatforms) = postSolution
		{B8E0FFFD-FEB8-4E4D-B531-18004281CA32}.Debug|Any CPU.ActiveCfg = Debug|Any CPU
		{B8E0FFFD-FEB8-4E4D-B531-18004281CA32}.Debug|Any CPU.Build.0 = Debug|Any CPU
		{B8E0FFFD-FEB8-4E4D-B531-18004281CA32}.Release|Any CPU.ActiveCfg = Release|Any CPU
		{B8E0FFFD-FEB8-4E4D-B531-18004281CA32}.Release|Any CPU.Build.0 = Release|Any CPU
		{FFF6BCDB-0E13-448D-A536-57039E6651E1}.Debug|Any CPU.ActiveCfg = Debug|Any CPU
		{FFF6BCDB-0E13-448D-A536-57039E6651E1}.Debug|Any CPU.Build.0 = Debug|Any CPU
		{FFF6BCDB-0E13-448D-A536-57039E6651E1}.Release|Any CPU.ActiveCfg = Release|Any CPU
		{FFF6BCDB-0E13-448D-A536-57039E6651E1}.Release|Any CPU.Build.0 = Release|Any CPU
		{CD2FA3F3-993D-4BD3-9893-642BCE77B010}.Debug|Any CPU.ActiveCfg = Debug|Any CPU
		{CD2FA3F3-993D-4BD3-9893-642BCE77B010}.Debug|Any CPU.Build.0 = Debug|Any CPU
		{CD2FA3F3-993D-4BD3-9893-642BCE77B010}.Release|Any CPU.ActiveCfg = Release|Any CPU
		{CD2FA3F3-993D-4BD3-9893-642BCE77B010}.Release|Any CPU.Build.0 = Release|Any CPU
	EndGlobalSection
	GlobalSection(SolutionProperties) = preSolution
		HideSolutionNode = FALSE
	EndGlobalSection
	GlobalSection(ExtensibilityGlobals) = postSolution
		SolutionGuid = {2B89E556-97D4-4EE8-88A4-8D574E588B70}
	EndGlobalSection
EndGlobal
