{
  "name": "asp.net",
  "version": "1.0.0",
  "lockfileVersion": 1,
  "requires": true,
  "dependencies": {
    "mutation-testing-elements": {
      "version": "0.0.7",
      "resolved": "https://registry.npmjs.org/mutation-testing-elements/-/mutation-testing-elements-0.0.7.tgz",
      "integrity": "sha512-PIiFzOpH5wEVcCj84wgkIzqQUo2qzrJIxm2PR+9rGQ4lC4n6yAzXJ6qycBVC2Q5+b6MBYjL5LEVMI93J90R/JQ==",
      "dev": true
    }
  }
}
